// !$*UTF8*$!
{
	archiveVersion = 1;
	classes = {
	};
	objectVersion = 50;
	objects = {

/* Begin PBXBuildFile section */
		370F3B8B21CE4AE900C53C85 /* code12.rkt in Resources */ = {isa = PBXBuildFile; fileRef = 370F3B8A21CE4AE900C53C85 /* code12.rkt */; };
		3716C92621BBBC0E00A24765 /* AstRecordRow.swift in Sources */ = {isa = PBXBuildFile; fileRef = 3716C92521BBBC0E00A24765 /* AstRecordRow.swift */; };
		3716C92721BBBC0E00A24765 /* AstRecordRow.swift in Sources */ = {isa = PBXBuildFile; fileRef = 3716C92521BBBC0E00A24765 /* AstRecordRow.swift */; };
		3716C92921BBBCA600A24765 /* AstRecordExpression.swift in Sources */ = {isa = PBXBuildFile; fileRef = 3716C92821BBBCA600A24765 /* AstRecordExpression.swift */; };
		3716C92A21BBBCA600A24765 /* AstRecordExpression.swift in Sources */ = {isa = PBXBuildFile; fileRef = 3716C92821BBBCA600A24765 /* AstRecordExpression.swift */; };
		3716C92C21BBC14800A24765 /* RecordType.swift in Sources */ = {isa = PBXBuildFile; fileRef = 3716C92B21BBC14800A24765 /* RecordType.swift */; };
		3716C92D21BBC14800A24765 /* RecordType.swift in Sources */ = {isa = PBXBuildFile; fileRef = 3716C92B21BBC14800A24765 /* RecordType.swift */; };
		3716C92F21BBC4CB00A24765 /* ast11 in Resources */ = {isa = PBXBuildFile; fileRef = 3716C92E21BBC4CB00A24765 /* ast11 */; };
		3716C93121BBCBC500A24765 /* AstRecordSelectorExpression.swift in Sources */ = {isa = PBXBuildFile; fileRef = 3716C93021BBCBC500A24765 /* AstRecordSelectorExpression.swift */; };
		3716C93221BBCBC500A24765 /* AstRecordSelectorExpression.swift in Sources */ = {isa = PBXBuildFile; fileRef = 3716C93021BBCBC500A24765 /* AstRecordSelectorExpression.swift */; };
		3716C93421BBD07C00A24765 /* ast12 in Resources */ = {isa = PBXBuildFile; fileRef = 3716C93321BBD07C00A24765 /* ast12 */; };
		3716C93621BC041400A24765 /* ast13 in Resources */ = {isa = PBXBuildFile; fileRef = 3716C93521BC041400A24765 /* ast13 */; };
		3716C93821BC043E00A24765 /* code8.rkt in Resources */ = {isa = PBXBuildFile; fileRef = 3716C93721BC043E00A24765 /* code8.rkt */; };
		3716C93D21BC0D2100A24765 /* AstListExpression.swift in Sources */ = {isa = PBXBuildFile; fileRef = 3716C93C21BC0D2100A24765 /* AstListExpression.swift */; };
		3716C93E21BC0D2100A24765 /* AstListExpression.swift in Sources */ = {isa = PBXBuildFile; fileRef = 3716C93C21BC0D2100A24765 /* AstListExpression.swift */; };
		3716C94021BC0FFB00A24765 /* ListType.swift in Sources */ = {isa = PBXBuildFile; fileRef = 3716C93F21BC0FFB00A24765 /* ListType.swift */; };
		3716C94121BC0FFB00A24765 /* ListType.swift in Sources */ = {isa = PBXBuildFile; fileRef = 3716C93F21BC0FFB00A24765 /* ListType.swift */; };
		3716C94321BC137E00A24765 /* ast14 in Resources */ = {isa = PBXBuildFile; fileRef = 3716C94221BC137E00A24765 /* ast14 */; };
		3716C94521BD768500A24765 /* code9.rkt in Resources */ = {isa = PBXBuildFile; fileRef = 3716C94421BD768500A24765 /* code9.rkt */; };
		3734A756215A2D8100917960 /* ArgumentParserTests.swift in Sources */ = {isa = PBXBuildFile; fileRef = 3734A755215A2D8100917960 /* ArgumentParserTests.swift */; };
		3734A759215A2F3100917960 /* LexicalAnalyzer.swift in Sources */ = {isa = PBXBuildFile; fileRef = 3761650721553D2A0058BD03 /* LexicalAnalyzer.swift */; };
		3734A75A215A2F3300917960 /* Symbol.swift in Sources */ = {isa = PBXBuildFile; fileRef = 3761650821553D2A0058BD03 /* Symbol.swift */; };
		3734A75B215A2F3500917960 /* TokenType.swift in Sources */ = {isa = PBXBuildFile; fileRef = 3761650921553D2A0058BD03 /* TokenType.swift */; };
		374505C821B50FFE0051E1E9 /* AstVisitor.swift in Sources */ = {isa = PBXBuildFile; fileRef = 37F024A321B3F40B006B868E /* AstVisitor.swift */; };
		374505C921B50FFE0051E1E9 /* DumpVisitor.swift in Sources */ = {isa = PBXBuildFile; fileRef = 37F024D121B419B8006B868E /* DumpVisitor.swift */; };
		374505CA21B50FFE0051E1E9 /* AstPattern.swift in Sources */ = {isa = PBXBuildFile; fileRef = 37F024C521B41001006B868E /* AstPattern.swift */; };
		374505CB21B50FFE0051E1E9 /* AstIdentifierPattern.swift in Sources */ = {isa = PBXBuildFile; fileRef = 37F024C821B4110D006B868E /* AstIdentifierPattern.swift */; };
		374505CC21B50FFE0051E1E9 /* AstWildcardPattern.swift in Sources */ = {isa = PBXBuildFile; fileRef = 37F024CA21B412E3006B868E /* AstWildcardPattern.swift */; };
		374505CD21B50FFE0051E1E9 /* AstTuplePattern.swift in Sources */ = {isa = PBXBuildFile; fileRef = 37F024CC21B413B2006B868E /* AstTuplePattern.swift */; };
		374505CE21B50FFE0051E1E9 /* AstRecordPattern.swift in Sources */ = {isa = PBXBuildFile; fileRef = 37F024CE21B41697006B868E /* AstRecordPattern.swift */; };
		374505CF21B50FFE0051E1E9 /* AstTypedPattern.swift in Sources */ = {isa = PBXBuildFile; fileRef = 37F024D521B428E4006B868E /* AstTypedPattern.swift */; };
		374505D021B50FFE0051E1E9 /* AstType.swift in Sources */ = {isa = PBXBuildFile; fileRef = 37F024B121B3F816006B868E /* AstType.swift */; };
		374505D121B50FFE0051E1E9 /* AstAtomType.swift in Sources */ = {isa = PBXBuildFile; fileRef = 37F024B321B3F8B1006B868E /* AstAtomType.swift */; };
		374505D221B50FFE0051E1E9 /* AstTypeName.swift in Sources */ = {isa = PBXBuildFile; fileRef = 37F024D321B424EE006B868E /* AstTypeName.swift */; };
		374505D321B50FFE0051E1E9 /* AstBindings.swift in Sources */ = {isa = PBXBuildFile; fileRef = 37F024BD21B3FAC0006B868E /* AstBindings.swift */; };
		374505D421B50FFE0051E1E9 /* AstBinding.swift in Sources */ = {isa = PBXBuildFile; fileRef = 37F024AE21B3F7C9006B868E /* AstBinding.swift */; };
		374505D521B50FFE0051E1E9 /* AstValBinding.swift in Sources */ = {isa = PBXBuildFile; fileRef = 37F024AC21B3F705006B868E /* AstValBinding.swift */; };
		374505D621B50FFE0051E1E9 /* AstFunBinding.swift in Sources */ = {isa = PBXBuildFile; fileRef = 37F024BF21B3FE16006B868E /* AstFunBinding.swift */; };
		374505D721B50FFE0051E1E9 /* AstExpression.swift in Sources */ = {isa = PBXBuildFile; fileRef = 37F024C121B40DA0006B868E /* AstExpression.swift */; };
		374505D821B50FFE0051E1E9 /* AstConstantExpression.swift in Sources */ = {isa = PBXBuildFile; fileRef = 37F024C321B40DD0006B868E /* AstConstantExpression.swift */; };
		374505D921B50FFE0051E1E9 /* AstNode.swift in Sources */ = {isa = PBXBuildFile; fileRef = 37F024A821B3F4C2006B868E /* AstNode.swift */; };
		374505DA21B50FFE0051E1E9 /* SyntaxParser.swift in Sources */ = {isa = PBXBuildFile; fileRef = 37F024A621B3F483006B868E /* SyntaxParser.swift */; };
		374505DB21B50FFE0051E1E9 /* SynAn.swift in Sources */ = {isa = PBXBuildFile; fileRef = 37F024BB21B3FA2C006B868E /* SynAn.swift */; };
		374505DC21B510020051E1E9 /* main.swift in Sources */ = {isa = PBXBuildFile; fileRef = 376164F821553CB90058BD03 /* main.swift */; };
		374505E221B5183D0051E1E9 /* SymbolTableProtocol.swift in Sources */ = {isa = PBXBuildFile; fileRef = 374505E121B5183D0051E1E9 /* SymbolTableProtocol.swift */; };
		374505E421B518EA0051E1E9 /* SymbolTable.swift in Sources */ = {isa = PBXBuildFile; fileRef = 374505E321B518EA0051E1E9 /* SymbolTable.swift */; };
		374505E521B518FA0051E1E9 /* SymbolTable.swift in Sources */ = {isa = PBXBuildFile; fileRef = 374505E321B518EA0051E1E9 /* SymbolTable.swift */; };
		374505E621B518FC0051E1E9 /* SymbolTableProtocol.swift in Sources */ = {isa = PBXBuildFile; fileRef = 374505E121B5183D0051E1E9 /* SymbolTableProtocol.swift */; };
		374505E821B5197E0051E1E9 /* SymbolDescriptionProtocol.swift in Sources */ = {isa = PBXBuildFile; fileRef = 374505E721B5197E0051E1E9 /* SymbolDescriptionProtocol.swift */; };
		374505E921B51A4B0051E1E9 /* SymbolDescriptionProtocol.swift in Sources */ = {isa = PBXBuildFile; fileRef = 374505E721B5197E0051E1E9 /* SymbolDescriptionProtocol.swift */; };
		374505EB21B51FCF0051E1E9 /* SymbolDescription.swift in Sources */ = {isa = PBXBuildFile; fileRef = 374505EA21B51FCF0051E1E9 /* SymbolDescription.swift */; };
		374505ED21B52ACA0051E1E9 /* NameChecker.swift in Sources */ = {isa = PBXBuildFile; fileRef = 374505EC21B52ACA0051E1E9 /* NameChecker.swift */; };
		374505EF21B530C90051E1E9 /* AstNameExpression.swift in Sources */ = {isa = PBXBuildFile; fileRef = 374505EE21B530C90051E1E9 /* AstNameExpression.swift */; };
		374505F021B531130051E1E9 /* AstNameExpression.swift in Sources */ = {isa = PBXBuildFile; fileRef = 374505EE21B530C90051E1E9 /* AstNameExpression.swift */; };
		374505F121B5341F0051E1E9 /* SymbolDescription.swift in Sources */ = {isa = PBXBuildFile; fileRef = 374505EA21B51FCF0051E1E9 /* SymbolDescription.swift */; };
		374505F221B534720051E1E9 /* NameChecker.swift in Sources */ = {isa = PBXBuildFile; fileRef = 374505EC21B52ACA0051E1E9 /* NameChecker.swift */; };
		374505F421B536B50051E1E9 /* ast2 in Resources */ = {isa = PBXBuildFile; fileRef = 374505F321B536B50051E1E9 /* ast2 */; };
		374505F621B537E50051E1E9 /* TypeChecker.swift in Sources */ = {isa = PBXBuildFile; fileRef = 374505F521B537E50051E1E9 /* TypeChecker.swift */; };
		374505F721B537FE0051E1E9 /* TypeChecker.swift in Sources */ = {isa = PBXBuildFile; fileRef = 374505F521B537E50051E1E9 /* TypeChecker.swift */; };
		374505FA21B538B80051E1E9 /* Type.swift in Sources */ = {isa = PBXBuildFile; fileRef = 374505F921B538B80051E1E9 /* Type.swift */; };
		374505FB21B538E00051E1E9 /* Type.swift in Sources */ = {isa = PBXBuildFile; fileRef = 374505F921B538B80051E1E9 /* Type.swift */; };
		374505FD21B53C870051E1E9 /* AtomType.swift in Sources */ = {isa = PBXBuildFile; fileRef = 374505FC21B53C870051E1E9 /* AtomType.swift */; };
		374505FE21B53C8A0051E1E9 /* AtomType.swift in Sources */ = {isa = PBXBuildFile; fileRef = 374505FC21B53C870051E1E9 /* AtomType.swift */; };
		3745060021B53C950051E1E9 /* TupleType.swift in Sources */ = {isa = PBXBuildFile; fileRef = 374505FF21B53C950051E1E9 /* TupleType.swift */; };
		3745060121B53C980051E1E9 /* TupleType.swift in Sources */ = {isa = PBXBuildFile; fileRef = 374505FF21B53C950051E1E9 /* TupleType.swift */; };
		3745060321B53EA80051E1E9 /* AbstractType.swift in Sources */ = {isa = PBXBuildFile; fileRef = 3745060221B53EA80051E1E9 /* AbstractType.swift */; };
		3745060421B53EAA0051E1E9 /* AbstractType.swift in Sources */ = {isa = PBXBuildFile; fileRef = 3745060221B53EA80051E1E9 /* AbstractType.swift */; };
		3745060621B53EC10051E1E9 /* AbstractTupleType.swift in Sources */ = {isa = PBXBuildFile; fileRef = 3745060521B53EC10051E1E9 /* AbstractTupleType.swift */; };
		3745060721B53EC30051E1E9 /* AbstractTupleType.swift in Sources */ = {isa = PBXBuildFile; fileRef = 3745060521B53EC10051E1E9 /* AbstractTupleType.swift */; };
		3745060921B5449C0051E1E9 /* AbstractDummyType.swift in Sources */ = {isa = PBXBuildFile; fileRef = 3745060821B5449C0051E1E9 /* AbstractDummyType.swift */; };
		3745060A21B5449C0051E1E9 /* AbstractDummyType.swift in Sources */ = {isa = PBXBuildFile; fileRef = 3745060821B5449C0051E1E9 /* AbstractDummyType.swift */; };
		3745060C21B545BD0051E1E9 /* AstTupleExpression.swift in Sources */ = {isa = PBXBuildFile; fileRef = 3745060B21B545BD0051E1E9 /* AstTupleExpression.swift */; };
		3745060D21B545BD0051E1E9 /* AstTupleExpression.swift in Sources */ = {isa = PBXBuildFile; fileRef = 3745060B21B545BD0051E1E9 /* AstTupleExpression.swift */; };
		3745061021B556700051E1E9 /* ast1 in Resources */ = {isa = PBXBuildFile; fileRef = 3745060E21B5566F0051E1E9 /* ast1 */; };
		3745061121B556700051E1E9 /* ast3 in Resources */ = {isa = PBXBuildFile; fileRef = 3745060F21B556700051E1E9 /* ast3 */; };
		3745061421B55F7D0051E1E9 /* TypeCheckerTests.swift in Sources */ = {isa = PBXBuildFile; fileRef = 3745061321B55F7D0051E1E9 /* TypeCheckerTests.swift */; };
		3745061621B562880051E1E9 /* AstTupleType.swift in Sources */ = {isa = PBXBuildFile; fileRef = 3745061521B562880051E1E9 /* AstTupleType.swift */; };
		3745061721B562880051E1E9 /* AstTupleType.swift in Sources */ = {isa = PBXBuildFile; fileRef = 3745061521B562880051E1E9 /* AstTupleType.swift */; };
		3745061921B58F140051E1E9 /* ast4 in Resources */ = {isa = PBXBuildFile; fileRef = 3745061821B58F140051E1E9 /* ast4 */; };
		3745061B21B591630051E1E9 /* AstBinaryExpression.swift in Sources */ = {isa = PBXBuildFile; fileRef = 3745061A21B591630051E1E9 /* AstBinaryExpression.swift */; };
		3745061C21B591630051E1E9 /* AstBinaryExpression.swift in Sources */ = {isa = PBXBuildFile; fileRef = 3745061A21B591630051E1E9 /* AstBinaryExpression.swift */; };
		3745061E21B59F860051E1E9 /* AstUnaryExpression.swift in Sources */ = {isa = PBXBuildFile; fileRef = 3745061D21B59F860051E1E9 /* AstUnaryExpression.swift */; };
		3745061F21B59F860051E1E9 /* AstUnaryExpression.swift in Sources */ = {isa = PBXBuildFile; fileRef = 3745061D21B59F860051E1E9 /* AstUnaryExpression.swift */; };
		3745062121B5A4DB0051E1E9 /* ast5 in Resources */ = {isa = PBXBuildFile; fileRef = 3745062021B5A4DB0051E1E9 /* ast5 */; };
		3745063121B6BC030051E1E9 /* ast6 in Resources */ = {isa = PBXBuildFile; fileRef = 3745063021B6BC020051E1E9 /* ast6 */; };
		3745063321B6BCAB0051E1E9 /* AstIfExpression.swift in Sources */ = {isa = PBXBuildFile; fileRef = 3745063221B6BCAB0051E1E9 /* AstIfExpression.swift */; };
		3745063421B6BCAB0051E1E9 /* AstIfExpression.swift in Sources */ = {isa = PBXBuildFile; fileRef = 3745063221B6BCAB0051E1E9 /* AstIfExpression.swift */; };
		3745063721B6C6600051E1E9 /* CodeGenerator.swift in Sources */ = {isa = PBXBuildFile; fileRef = 3745063621B6C6600051E1E9 /* CodeGenerator.swift */; };
		3745063821B6C6600051E1E9 /* CodeGenerator.swift in Sources */ = {isa = PBXBuildFile; fileRef = 3745063621B6C6600051E1E9 /* CodeGenerator.swift */; };
		3745063A21B6C6990051E1E9 /* RacketCodeGenerator.swift in Sources */ = {isa = PBXBuildFile; fileRef = 3745063921B6C6990051E1E9 /* RacketCodeGenerator.swift */; };
		3745063B21B6C6990051E1E9 /* RacketCodeGenerator.swift in Sources */ = {isa = PBXBuildFile; fileRef = 3745063921B6C6990051E1E9 /* RacketCodeGenerator.swift */; };
		3745063E21B6CEE70051E1E9 /* CodeGenerationTests.swift in Sources */ = {isa = PBXBuildFile; fileRef = 3745063D21B6CEE70051E1E9 /* CodeGenerationTests.swift */; };
		3745064121B6CF290051E1E9 /* TextOutputStream.swift in Sources */ = {isa = PBXBuildFile; fileRef = 3745064021B6CF290051E1E9 /* TextOutputStream.swift */; };
		3745064321B6D0470051E1E9 /* code1.rkt in Resources */ = {isa = PBXBuildFile; fileRef = 3745064221B6D0470051E1E9 /* code1.rkt */; };
		3745064521B6D9260051E1E9 /* code2.rkt in Resources */ = {isa = PBXBuildFile; fileRef = 3745064421B6D9260051E1E9 /* code2.rkt */; };
		3745064721B6DD4A0051E1E9 /* code3.rkt in Resources */ = {isa = PBXBuildFile; fileRef = 3745064621B6DD4A0051E1E9 /* code3.rkt */; };
		3745064A21B6DDC00051E1E9 /* Executor.swift in Sources */ = {isa = PBXBuildFile; fileRef = 3745064921B6DDC00051E1E9 /* Executor.swift */; };
		375FF4F32160C0DA0088F7A3 /* FileParserTests.swift in Sources */ = {isa = PBXBuildFile; fileRef = 375FF4F22160C0DA0088F7A3 /* FileParserTests.swift */; };
		375FF4F52160C0EF0088F7A3 /* file_parser_test_1 in Resources */ = {isa = PBXBuildFile; fileRef = 375FF4F42160C0EF0088F7A3 /* file_parser_test_1 */; };
		375FF4F72160C1040088F7A3 /* file_parser_test_2 in Sources */ = {isa = PBXBuildFile; fileRef = 375FF4F62160C1040088F7A3 /* file_parser_test_2 */; };
		375FF4FA2161E0930088F7A3 /* LexAn.swift in Sources */ = {isa = PBXBuildFile; fileRef = 375FF4F82161E0930088F7A3 /* LexAn.swift */; };
		375FF4FB2161E0930088F7A3 /* LexAn.swift in Sources */ = {isa = PBXBuildFile; fileRef = 375FF4F82161E0930088F7A3 /* LexAn.swift */; };
		375FF4FC2161E0930088F7A3 /* FileReader.swift in Sources */ = {isa = PBXBuildFile; fileRef = 375FF4F92161E0930088F7A3 /* FileReader.swift */; };
		375FF4FD2161E0930088F7A3 /* FileReader.swift in Sources */ = {isa = PBXBuildFile; fileRef = 375FF4F92161E0930088F7A3 /* FileReader.swift */; };
		375FF5042161E0D60088F7A3 /* ArgumentParser.swift in Sources */ = {isa = PBXBuildFile; fileRef = 375FF5002161E0D60088F7A3 /* ArgumentParser.swift */; };
		375FF5052161E0D60088F7A3 /* ArgumentParser.swift in Sources */ = {isa = PBXBuildFile; fileRef = 375FF5002161E0D60088F7A3 /* ArgumentParser.swift */; };
		375FF5062161E0D60088F7A3 /* Logger.swift in Sources */ = {isa = PBXBuildFile; fileRef = 375FF5012161E0D60088F7A3 /* Logger.swift */; };
		375FF5072161E0D60088F7A3 /* Logger.swift in Sources */ = {isa = PBXBuildFile; fileRef = 375FF5012161E0D60088F7A3 /* Logger.swift */; };
		375FF50A2161E0D60088F7A3 /* Atheris.swift in Sources */ = {isa = PBXBuildFile; fileRef = 375FF5032161E0D60088F7A3 /* Atheris.swift */; };
		375FF50B2161E0D60088F7A3 /* Atheris.swift in Sources */ = {isa = PBXBuildFile; fileRef = 375FF5032161E0D60088F7A3 /* Atheris.swift */; };
		376164F921553CB90058BD03 /* main.swift in Sources */ = {isa = PBXBuildFile; fileRef = 376164F821553CB90058BD03 /* main.swift */; };
		3761650A21553D2A0058BD03 /* LexicalAnalyzer.swift in Sources */ = {isa = PBXBuildFile; fileRef = 3761650721553D2A0058BD03 /* LexicalAnalyzer.swift */; };
		3761650B21553D2A0058BD03 /* Symbol.swift in Sources */ = {isa = PBXBuildFile; fileRef = 3761650821553D2A0058BD03 /* Symbol.swift */; };
		3761650C21553D2A0058BD03 /* TokenType.swift in Sources */ = {isa = PBXBuildFile; fileRef = 3761650921553D2A0058BD03 /* TokenType.swift */; };
		378EB81E21B8F81B00E576E6 /* AstAnonymousFunctionCall.swift in Sources */ = {isa = PBXBuildFile; fileRef = 378EB81D21B8F81B00E576E6 /* AstAnonymousFunctionCall.swift */; };
		378EB81F21B8F81B00E576E6 /* AstAnonymousFunctionCall.swift in Sources */ = {isa = PBXBuildFile; fileRef = 378EB81D21B8F81B00E576E6 /* AstAnonymousFunctionCall.swift */; };
		378EB82121B8FA0700E576E6 /* ast9 in Resources */ = {isa = PBXBuildFile; fileRef = 378EB82021B8FA0700E576E6 /* ast9 */; };
		378EB82321B8FBA600E576E6 /* AstAnonymousFunctionBinding.swift in Sources */ = {isa = PBXBuildFile; fileRef = 378EB82221B8FBA600E576E6 /* AstAnonymousFunctionBinding.swift */; };
		378EB82421B8FBA600E576E6 /* AstAnonymousFunctionBinding.swift in Sources */ = {isa = PBXBuildFile; fileRef = 378EB82221B8FBA600E576E6 /* AstAnonymousFunctionBinding.swift */; };
		378EB82621B95FCB00E576E6 /* code6.rkt in Resources */ = {isa = PBXBuildFile; fileRef = 378EB82521B95FCA00E576E6 /* code6.rkt */; };
		378EB82B21BA531400E576E6 /* ast10 in Resources */ = {isa = PBXBuildFile; fileRef = 378EB82A21BA531400E576E6 /* ast10 */; };
		3790FEC621B79D8E005CA8D5 /* AstLetExpression.swift in Sources */ = {isa = PBXBuildFile; fileRef = 3790FEC521B79D8E005CA8D5 /* AstLetExpression.swift */; };
		3790FEC721B79D8E005CA8D5 /* AstLetExpression.swift in Sources */ = {isa = PBXBuildFile; fileRef = 3790FEC521B79D8E005CA8D5 /* AstLetExpression.swift */; };
		3790FEC821B79FC9005CA8D5 /* Executor.swift in Sources */ = {isa = PBXBuildFile; fileRef = 3745064921B6DDC00051E1E9 /* Executor.swift */; };
		3790FECA21B7A95B005CA8D5 /* ast7 in Resources */ = {isa = PBXBuildFile; fileRef = 3790FEC921B7A95B005CA8D5 /* ast7 */; };
		3790FECC21B7BCFC005CA8D5 /* AstFunctionCallExpression.swift in Sources */ = {isa = PBXBuildFile; fileRef = 3790FECB21B7BCFC005CA8D5 /* AstFunctionCallExpression.swift */; };
		3790FECD21B7BCFC005CA8D5 /* AstFunctionCallExpression.swift in Sources */ = {isa = PBXBuildFile; fileRef = 3790FECB21B7BCFC005CA8D5 /* AstFunctionCallExpression.swift */; };
		3790FECF21B7C813005CA8D5 /* FunctionType.swift in Sources */ = {isa = PBXBuildFile; fileRef = 3790FECE21B7C813005CA8D5 /* FunctionType.swift */; };
		3790FED021B7C813005CA8D5 /* FunctionType.swift in Sources */ = {isa = PBXBuildFile; fileRef = 3790FECE21B7C813005CA8D5 /* FunctionType.swift */; };
		3790FED221B7E44F005CA8D5 /* ast8 in Resources */ = {isa = PBXBuildFile; fileRef = 3790FED121B7E44F005CA8D5 /* ast8 */; };
		3790FED421B7FEC2005CA8D5 /* code4.rkt in Resources */ = {isa = PBXBuildFile; fileRef = 3790FED321B7FEC2005CA8D5 /* code4.rkt */; };
		3790FED621B810B4005CA8D5 /* code5.rkt in Resources */ = {isa = PBXBuildFile; fileRef = 3790FED521B810B4005CA8D5 /* code5.rkt */; };
		37917CD621D2D43A009B6730 /* code13.rkt in Resources */ = {isa = PBXBuildFile; fileRef = 37917CD521D2D43A009B6730 /* code13.rkt */; };
		37917CD821D347F1009B6730 /* code14.rkt in Resources */ = {isa = PBXBuildFile; fileRef = 37917CD721D347F1009B6730 /* code14.rkt */; };
		37917CDA21D3516E009B6730 /* code15.rkt in Resources */ = {isa = PBXBuildFile; fileRef = 37917CD921D3516D009B6730 /* code15.rkt */; };
		3793451021C7E68A0015C5DF /* code11.rkt in Resources */ = {isa = PBXBuildFile; fileRef = 3793450F21C7E68A0015C5DF /* code11.rkt */; };
		37B2F8D821C1449100C0B9E8 /* AstDatatypeBinding.swift in Sources */ = {isa = PBXBuildFile; fileRef = 37B2F8D721C1449100C0B9E8 /* AstDatatypeBinding.swift */; };
		37B2F8D921C1449100C0B9E8 /* AstDatatypeBinding.swift in Sources */ = {isa = PBXBuildFile; fileRef = 37B2F8D721C1449100C0B9E8 /* AstDatatypeBinding.swift */; };
		37B2F8DB21C1526A00C0B9E8 /* DatatypeType.swift in Sources */ = {isa = PBXBuildFile; fileRef = 37B2F8DA21C1526A00C0B9E8 /* DatatypeType.swift */; };
		37B2F8DC21C1526A00C0B9E8 /* DatatypeType.swift in Sources */ = {isa = PBXBuildFile; fileRef = 37B2F8DA21C1526A00C0B9E8 /* DatatypeType.swift */; };
		37B2F8DE21C1587000C0B9E8 /* code10.rkt in Resources */ = {isa = PBXBuildFile; fileRef = 37B2F8DD21C1587000C0B9E8 /* code10.rkt */; };
		37B2F8E021C158AA00C0B9E8 /* ast15 in Resources */ = {isa = PBXBuildFile; fileRef = 37B2F8DF21C158AA00C0B9E8 /* ast15 */; };
		37C4125B21DCC0CA0039A618 /* code16.rkt in Resources */ = {isa = PBXBuildFile; fileRef = 37C4125A21DCC0C90039A618 /* code16.rkt */; };
		37C4125D21DCDFAE0039A618 /* ast19 in Resources */ = {isa = PBXBuildFile; fileRef = 37C4125C21DCDFAE0039A618 /* ast19 */; };
		37C4125F21DE3D860039A618 /* sml1.sml in Resources */ = {isa = PBXBuildFile; fileRef = 37C4125E21DE3D860039A618 /* sml1.sml */; };
		37C4126121DE3D900039A618 /* sml2.sml in Resources */ = {isa = PBXBuildFile; fileRef = 37C4126021DE3D900039A618 /* sml2.sml */; };
		37C4126321DE3DEB0039A618 /* code17.rkt in Resources */ = {isa = PBXBuildFile; fileRef = 37C4126221DE3DEA0039A618 /* code17.rkt */; };
		37C4126521DE54F90039A618 /* AstEmptyListPattern.swift in Sources */ = {isa = PBXBuildFile; fileRef = 37C4126421DE54F90039A618 /* AstEmptyListPattern.swift */; };
		37C4126621DE54F90039A618 /* AstEmptyListPattern.swift in Sources */ = {isa = PBXBuildFile; fileRef = 37C4126421DE54F90039A618 /* AstEmptyListPattern.swift */; };
		37C4126821DE57DA0039A618 /* AstListPattern.swift in Sources */ = {isa = PBXBuildFile; fileRef = 37C4126721DE57DA0039A618 /* AstListPattern.swift */; };
		37C4126921DE57DA0039A618 /* AstListPattern.swift in Sources */ = {isa = PBXBuildFile; fileRef = 37C4126721DE57DA0039A618 /* AstListPattern.swift */; };
		37C4126B21DF88BC0039A618 /* code18.rkt in Resources */ = {isa = PBXBuildFile; fileRef = 37C4126A21DF88BC0039A618 /* code18.rkt */; };
		37D396B021BA698800C11EB5 /* AstMatch.swift in Sources */ = {isa = PBXBuildFile; fileRef = 37D396AF21BA698800C11EB5 /* AstMatch.swift */; };
		37D396B121BA698800C11EB5 /* AstMatch.swift in Sources */ = {isa = PBXBuildFile; fileRef = 37D396AF21BA698800C11EB5 /* AstMatch.swift */; };
		37D396B321BA6E0C00C11EB5 /* code7.rkt in Resources */ = {isa = PBXBuildFile; fileRef = 37D396B221BA6E0B00C11EB5 /* code7.rkt */; };
		37E0CE1D2168F73E00BAFD2A /* LexanTests.swift in Sources */ = {isa = PBXBuildFile; fileRef = 37E0CE1C2168F73E00BAFD2A /* LexanTests.swift */; };
		37E0CE202168F93C00BAFD2A /* FileInputStream.swift in Sources */ = {isa = PBXBuildFile; fileRef = 37E0CE1F2168F93C00BAFD2A /* FileInputStream.swift */; };
		37E0CE212168FAB800BAFD2A /* FileInputStream.swift in Sources */ = {isa = PBXBuildFile; fileRef = 37E0CE1F2168F93C00BAFD2A /* FileInputStream.swift */; };
		37E0CE23216A2FCE00BAFD2A /* test.ar in Sources */ = {isa = PBXBuildFile; fileRef = 37E0CE22216A2FCE00BAFD2A /* test.ar */; };
		37E0CE27216A33B900BAFD2A /* FileWriter.swift in Sources */ = {isa = PBXBuildFile; fileRef = 37E0CE26216A33B900BAFD2A /* FileWriter.swift */; };
		37E0CE29216A360E00BAFD2A /* InputStream.swift in Sources */ = {isa = PBXBuildFile; fileRef = 37E0CE28216A360E00BAFD2A /* InputStream.swift */; };
		37E0CE2B216A362800BAFD2A /* OutputStream.swift in Sources */ = {isa = PBXBuildFile; fileRef = 37E0CE2A216A362800BAFD2A /* OutputStream.swift */; };
		37E0CE2D216A380100BAFD2A /* FileOutputStream.swift in Sources */ = {isa = PBXBuildFile; fileRef = 37E0CE2C216A380100BAFD2A /* FileOutputStream.swift */; };
		37E0CE2E216A466100BAFD2A /* OutputStream.swift in Sources */ = {isa = PBXBuildFile; fileRef = 37E0CE2A216A362800BAFD2A /* OutputStream.swift */; };
		37E0CE2F216A466400BAFD2A /* FileOutputStream.swift in Sources */ = {isa = PBXBuildFile; fileRef = 37E0CE2C216A380100BAFD2A /* FileOutputStream.swift */; };
		37E0CE30216A466700BAFD2A /* InputStream.swift in Sources */ = {isa = PBXBuildFile; fileRef = 37E0CE28216A360E00BAFD2A /* InputStream.swift */; };
		37E0CE31216A46C000BAFD2A /* FileWriter.swift in Sources */ = {isa = PBXBuildFile; fileRef = 37E0CE26216A33B900BAFD2A /* FileWriter.swift */; };
		37E5FCB721E4DB280091317C /* code19.rkt in Resources */ = {isa = PBXBuildFile; fileRef = 37E5FCB621E4DB280091317C /* code19.rkt */; };
		37E9869C21C3CC7C00D68CA4 /* AstRule.swift in Sources */ = {isa = PBXBuildFile; fileRef = 37E9869B21C3CC7C00D68CA4 /* AstRule.swift */; };
		37E9869D21C3CC7C00D68CA4 /* AstRule.swift in Sources */ = {isa = PBXBuildFile; fileRef = 37E9869B21C3CC7C00D68CA4 /* AstRule.swift */; };
		37E9869F21C3CC9C00D68CA4 /* AstCaseExpression.swift in Sources */ = {isa = PBXBuildFile; fileRef = 37E9869E21C3CC9C00D68CA4 /* AstCaseExpression.swift */; };
		37E986A021C3CC9C00D68CA4 /* AstCaseExpression.swift in Sources */ = {isa = PBXBuildFile; fileRef = 37E9869E21C3CC9C00D68CA4 /* AstCaseExpression.swift */; };
		37E986A221C3CF1400D68CA4 /* AstConstantPattern.swift in Sources */ = {isa = PBXBuildFile; fileRef = 37E986A121C3CF1400D68CA4 /* AstConstantPattern.swift */; };
		37E986A321C3CF1400D68CA4 /* AstConstantPattern.swift in Sources */ = {isa = PBXBuildFile; fileRef = 37E986A121C3CF1400D68CA4 /* AstConstantPattern.swift */; };
		37E986A521C3D62500D68CA4 /* RuleType.swift in Sources */ = {isa = PBXBuildFile; fileRef = 37E986A421C3D62500D68CA4 /* RuleType.swift */; };
		37E986A621C3D62500D68CA4 /* RuleType.swift in Sources */ = {isa = PBXBuildFile; fileRef = 37E986A421C3D62500D68CA4 /* RuleType.swift */; };
		37E986A821C3DABE00D68CA4 /* ast16 in Resources */ = {isa = PBXBuildFile; fileRef = 37E986A721C3DABE00D68CA4 /* ast16 */; };
		37F024A421B3F40B006B868E /* AstVisitor.swift in Sources */ = {isa = PBXBuildFile; fileRef = 37F024A321B3F40B006B868E /* AstVisitor.swift */; };
		37F024A721B3F483006B868E /* SyntaxParser.swift in Sources */ = {isa = PBXBuildFile; fileRef = 37F024A621B3F483006B868E /* SyntaxParser.swift */; };
		37F024A921B3F4C2006B868E /* AstNode.swift in Sources */ = {isa = PBXBuildFile; fileRef = 37F024A821B3F4C2006B868E /* AstNode.swift */; };
		37F024AD21B3F705006B868E /* AstValBinding.swift in Sources */ = {isa = PBXBuildFile; fileRef = 37F024AC21B3F705006B868E /* AstValBinding.swift */; };
		37F024AF21B3F7C9006B868E /* AstBinding.swift in Sources */ = {isa = PBXBuildFile; fileRef = 37F024AE21B3F7C9006B868E /* AstBinding.swift */; };
		37F024B221B3F816006B868E /* AstType.swift in Sources */ = {isa = PBXBuildFile; fileRef = 37F024B121B3F816006B868E /* AstType.swift */; };
		37F024B421B3F8B1006B868E /* AstAtomType.swift in Sources */ = {isa = PBXBuildFile; fileRef = 37F024B321B3F8B1006B868E /* AstAtomType.swift */; };
		37F024B721B3F9BE006B868E /* SyntaxParserTests.swift in Sources */ = {isa = PBXBuildFile; fileRef = 37F024B621B3F9BE006B868E /* SyntaxParserTests.swift */; };
		37F024BA21B3F9FD006B868E /* TextStream.swift in Sources */ = {isa = PBXBuildFile; fileRef = 37F024B921B3F9FD006B868E /* TextStream.swift */; };
		37F024BC21B3FA2C006B868E /* SynAn.swift in Sources */ = {isa = PBXBuildFile; fileRef = 37F024BB21B3FA2C006B868E /* SynAn.swift */; };
		37F024BE21B3FAC0006B868E /* AstBindings.swift in Sources */ = {isa = PBXBuildFile; fileRef = 37F024BD21B3FAC0006B868E /* AstBindings.swift */; };
		37F024C021B3FE16006B868E /* AstFunBinding.swift in Sources */ = {isa = PBXBuildFile; fileRef = 37F024BF21B3FE16006B868E /* AstFunBinding.swift */; };
		37F024C221B40DA0006B868E /* AstExpression.swift in Sources */ = {isa = PBXBuildFile; fileRef = 37F024C121B40DA0006B868E /* AstExpression.swift */; };
		37F024C421B40DD0006B868E /* AstConstantExpression.swift in Sources */ = {isa = PBXBuildFile; fileRef = 37F024C321B40DD0006B868E /* AstConstantExpression.swift */; };
		37F024C621B41001006B868E /* AstPattern.swift in Sources */ = {isa = PBXBuildFile; fileRef = 37F024C521B41001006B868E /* AstPattern.swift */; };
		37F024C921B4110D006B868E /* AstIdentifierPattern.swift in Sources */ = {isa = PBXBuildFile; fileRef = 37F024C821B4110D006B868E /* AstIdentifierPattern.swift */; };
		37F024CB21B412E3006B868E /* AstWildcardPattern.swift in Sources */ = {isa = PBXBuildFile; fileRef = 37F024CA21B412E3006B868E /* AstWildcardPattern.swift */; };
		37F024CD21B413B2006B868E /* AstTuplePattern.swift in Sources */ = {isa = PBXBuildFile; fileRef = 37F024CC21B413B2006B868E /* AstTuplePattern.swift */; };
		37F024CF21B41697006B868E /* AstRecordPattern.swift in Sources */ = {isa = PBXBuildFile; fileRef = 37F024CE21B41697006B868E /* AstRecordPattern.swift */; };
		37F024D221B419B8006B868E /* DumpVisitor.swift in Sources */ = {isa = PBXBuildFile; fileRef = 37F024D121B419B8006B868E /* DumpVisitor.swift */; };
		37F024D421B424EE006B868E /* AstTypeName.swift in Sources */ = {isa = PBXBuildFile; fileRef = 37F024D321B424EE006B868E /* AstTypeName.swift */; };
		37F024D621B428E4006B868E /* AstTypedPattern.swift in Sources */ = {isa = PBXBuildFile; fileRef = 37F024D521B428E4006B868E /* AstTypedPattern.swift */; };
		37FFBFAE21D5FDB000BFFF9A /* ast17 in Resources */ = {isa = PBXBuildFile; fileRef = 37FFBFAD21D5FDB000BFFF9A /* ast17 */; };
		37FFBFB021D626F500BFFF9A /* ast18 in Resources */ = {isa = PBXBuildFile; fileRef = 37FFBFAF21D626F500BFFF9A /* ast18 */; };
/* End PBXBuildFile section */

/* Begin PBXCopyFilesBuildPhase section */
		376164F321553CB90058BD03 /* CopyFiles */ = {
			isa = PBXCopyFilesBuildPhase;
			buildActionMask = 2147483647;
			dstPath = /usr/share/man/man1/;
			dstSubfolderSpec = 0;
			files = (
			);
			runOnlyForDeploymentPostprocessing = 1;
		};
/* End PBXCopyFilesBuildPhase section */

/* Begin PBXFileReference section */
		370F3B8A21CE4AE900C53C85 /* code12.rkt */ = {isa = PBXFileReference; fileEncoding = 4; lastKnownFileType = text; path = code12.rkt; sourceTree = "<group>"; };
		3716C92521BBBC0E00A24765 /* AstRecordRow.swift */ = {isa = PBXFileReference; lastKnownFileType = sourcecode.swift; path = AstRecordRow.swift; sourceTree = "<group>"; };
		3716C92821BBBCA600A24765 /* AstRecordExpression.swift */ = {isa = PBXFileReference; lastKnownFileType = sourcecode.swift; path = AstRecordExpression.swift; sourceTree = "<group>"; };
		3716C92B21BBC14800A24765 /* RecordType.swift */ = {isa = PBXFileReference; lastKnownFileType = sourcecode.swift; path = RecordType.swift; sourceTree = "<group>"; };
		3716C92E21BBC4CB00A24765 /* ast11 */ = {isa = PBXFileReference; fileEncoding = 4; lastKnownFileType = text; path = ast11; sourceTree = "<group>"; };
		3716C93021BBCBC500A24765 /* AstRecordSelectorExpression.swift */ = {isa = PBXFileReference; lastKnownFileType = sourcecode.swift; path = AstRecordSelectorExpression.swift; sourceTree = "<group>"; };
		3716C93321BBD07C00A24765 /* ast12 */ = {isa = PBXFileReference; fileEncoding = 4; lastKnownFileType = text; path = ast12; sourceTree = "<group>"; };
		3716C93521BC041400A24765 /* ast13 */ = {isa = PBXFileReference; fileEncoding = 4; lastKnownFileType = text; path = ast13; sourceTree = "<group>"; };
		3716C93721BC043E00A24765 /* code8.rkt */ = {isa = PBXFileReference; lastKnownFileType = text; path = code8.rkt; sourceTree = "<group>"; };
		3716C93C21BC0D2100A24765 /* AstListExpression.swift */ = {isa = PBXFileReference; lastKnownFileType = sourcecode.swift; path = AstListExpression.swift; sourceTree = "<group>"; };
		3716C93F21BC0FFB00A24765 /* ListType.swift */ = {isa = PBXFileReference; lastKnownFileType = sourcecode.swift; path = ListType.swift; sourceTree = "<group>"; };
		3716C94221BC137E00A24765 /* ast14 */ = {isa = PBXFileReference; fileEncoding = 4; lastKnownFileType = text; path = ast14; sourceTree = "<group>"; };
		3716C94421BD768500A24765 /* code9.rkt */ = {isa = PBXFileReference; fileEncoding = 4; lastKnownFileType = text; path = code9.rkt; sourceTree = "<group>"; };
		3734A74D215A2D6600917960 /* Atheris tests.xctest */ = {isa = PBXFileReference; explicitFileType = wrapper.cfbundle; includeInIndex = 0; path = "Atheris tests.xctest"; sourceTree = BUILT_PRODUCTS_DIR; };
		3734A751215A2D6700917960 /* Info.plist */ = {isa = PBXFileReference; lastKnownFileType = text.plist.xml; path = Info.plist; sourceTree = "<group>"; };
		3734A755215A2D8100917960 /* ArgumentParserTests.swift */ = {isa = PBXFileReference; lastKnownFileType = sourcecode.swift; path = ArgumentParserTests.swift; sourceTree = "<group>"; };
		374505E121B5183D0051E1E9 /* SymbolTableProtocol.swift */ = {isa = PBXFileReference; lastKnownFileType = sourcecode.swift; path = SymbolTableProtocol.swift; sourceTree = "<group>"; };
		374505E321B518EA0051E1E9 /* SymbolTable.swift */ = {isa = PBXFileReference; lastKnownFileType = sourcecode.swift; path = SymbolTable.swift; sourceTree = "<group>"; };
		374505E721B5197E0051E1E9 /* SymbolDescriptionProtocol.swift */ = {isa = PBXFileReference; lastKnownFileType = sourcecode.swift; path = SymbolDescriptionProtocol.swift; sourceTree = "<group>"; };
		374505EA21B51FCF0051E1E9 /* SymbolDescription.swift */ = {isa = PBXFileReference; lastKnownFileType = sourcecode.swift; path = SymbolDescription.swift; sourceTree = "<group>"; };
		374505EC21B52ACA0051E1E9 /* NameChecker.swift */ = {isa = PBXFileReference; lastKnownFileType = sourcecode.swift; path = NameChecker.swift; sourceTree = "<group>"; };
		374505EE21B530C90051E1E9 /* AstNameExpression.swift */ = {isa = PBXFileReference; lastKnownFileType = sourcecode.swift; path = AstNameExpression.swift; sourceTree = "<group>"; };
		374505F321B536B50051E1E9 /* ast2 */ = {isa = PBXFileReference; fileEncoding = 4; lastKnownFileType = text; path = ast2; sourceTree = "<group>"; };
		374505F521B537E50051E1E9 /* TypeChecker.swift */ = {isa = PBXFileReference; lastKnownFileType = sourcecode.swift; path = TypeChecker.swift; sourceTree = "<group>"; };
		374505F921B538B80051E1E9 /* Type.swift */ = {isa = PBXFileReference; lastKnownFileType = sourcecode.swift; path = Type.swift; sourceTree = "<group>"; };
		374505FC21B53C870051E1E9 /* AtomType.swift */ = {isa = PBXFileReference; lastKnownFileType = sourcecode.swift; path = AtomType.swift; sourceTree = "<group>"; };
		374505FF21B53C950051E1E9 /* TupleType.swift */ = {isa = PBXFileReference; lastKnownFileType = sourcecode.swift; path = TupleType.swift; sourceTree = "<group>"; };
		3745060221B53EA80051E1E9 /* AbstractType.swift */ = {isa = PBXFileReference; lastKnownFileType = sourcecode.swift; path = AbstractType.swift; sourceTree = "<group>"; };
		3745060521B53EC10051E1E9 /* AbstractTupleType.swift */ = {isa = PBXFileReference; lastKnownFileType = sourcecode.swift; path = AbstractTupleType.swift; sourceTree = "<group>"; };
		3745060821B5449C0051E1E9 /* AbstractDummyType.swift */ = {isa = PBXFileReference; lastKnownFileType = sourcecode.swift; path = AbstractDummyType.swift; sourceTree = "<group>"; };
		3745060B21B545BD0051E1E9 /* AstTupleExpression.swift */ = {isa = PBXFileReference; lastKnownFileType = sourcecode.swift; path = AstTupleExpression.swift; sourceTree = "<group>"; };
		3745060E21B5566F0051E1E9 /* ast1 */ = {isa = PBXFileReference; fileEncoding = 4; lastKnownFileType = text; path = ast1; sourceTree = "<group>"; };
		3745060F21B556700051E1E9 /* ast3 */ = {isa = PBXFileReference; fileEncoding = 4; lastKnownFileType = text; path = ast3; sourceTree = "<group>"; };
		3745061321B55F7D0051E1E9 /* TypeCheckerTests.swift */ = {isa = PBXFileReference; lastKnownFileType = sourcecode.swift; path = TypeCheckerTests.swift; sourceTree = "<group>"; };
		3745061521B562880051E1E9 /* AstTupleType.swift */ = {isa = PBXFileReference; lastKnownFileType = sourcecode.swift; path = AstTupleType.swift; sourceTree = "<group>"; };
		3745061821B58F140051E1E9 /* ast4 */ = {isa = PBXFileReference; fileEncoding = 4; lastKnownFileType = text; path = ast4; sourceTree = "<group>"; };
		3745061A21B591630051E1E9 /* AstBinaryExpression.swift */ = {isa = PBXFileReference; lastKnownFileType = sourcecode.swift; path = AstBinaryExpression.swift; sourceTree = "<group>"; };
		3745061D21B59F860051E1E9 /* AstUnaryExpression.swift */ = {isa = PBXFileReference; lastKnownFileType = sourcecode.swift; path = AstUnaryExpression.swift; sourceTree = "<group>"; };
		3745062021B5A4DB0051E1E9 /* ast5 */ = {isa = PBXFileReference; fileEncoding = 4; lastKnownFileType = text; path = ast5; sourceTree = "<group>"; };
		3745063021B6BC020051E1E9 /* ast6 */ = {isa = PBXFileReference; fileEncoding = 4; lastKnownFileType = text; path = ast6; sourceTree = "<group>"; };
		3745063221B6BCAB0051E1E9 /* AstIfExpression.swift */ = {isa = PBXFileReference; lastKnownFileType = sourcecode.swift; path = AstIfExpression.swift; sourceTree = "<group>"; };
		3745063621B6C6600051E1E9 /* CodeGenerator.swift */ = {isa = PBXFileReference; lastKnownFileType = sourcecode.swift; path = CodeGenerator.swift; sourceTree = "<group>"; };
		3745063921B6C6990051E1E9 /* RacketCodeGenerator.swift */ = {isa = PBXFileReference; lastKnownFileType = sourcecode.swift; path = RacketCodeGenerator.swift; sourceTree = "<group>"; };
		3745063D21B6CEE70051E1E9 /* CodeGenerationTests.swift */ = {isa = PBXFileReference; lastKnownFileType = sourcecode.swift; path = CodeGenerationTests.swift; sourceTree = "<group>"; };
		3745064021B6CF290051E1E9 /* TextOutputStream.swift */ = {isa = PBXFileReference; lastKnownFileType = sourcecode.swift; path = TextOutputStream.swift; sourceTree = "<group>"; };
		3745064221B6D0470051E1E9 /* code1.rkt */ = {isa = PBXFileReference; fileEncoding = 4; lastKnownFileType = text; path = code1.rkt; sourceTree = "<group>"; };
		3745064421B6D9260051E1E9 /* code2.rkt */ = {isa = PBXFileReference; fileEncoding = 4; lastKnownFileType = text; path = code2.rkt; sourceTree = "<group>"; };
		3745064621B6DD4A0051E1E9 /* code3.rkt */ = {isa = PBXFileReference; fileEncoding = 4; lastKnownFileType = text; path = code3.rkt; sourceTree = "<group>"; };
		3745064921B6DDC00051E1E9 /* Executor.swift */ = {isa = PBXFileReference; lastKnownFileType = sourcecode.swift; path = Executor.swift; sourceTree = "<group>"; };
		375FF4F22160C0DA0088F7A3 /* FileParserTests.swift */ = {isa = PBXFileReference; lastKnownFileType = sourcecode.swift; path = FileParserTests.swift; sourceTree = "<group>"; };
		375FF4F42160C0EF0088F7A3 /* file_parser_test_1 */ = {isa = PBXFileReference; lastKnownFileType = text; path = file_parser_test_1; sourceTree = "<group>"; };
		375FF4F62160C1040088F7A3 /* file_parser_test_2 */ = {isa = PBXFileReference; lastKnownFileType = text; path = file_parser_test_2; sourceTree = "<group>"; };
		375FF4F82161E0930088F7A3 /* LexAn.swift */ = {isa = PBXFileReference; fileEncoding = 4; lastKnownFileType = sourcecode.swift; name = LexAn.swift; path = Lexan/LexAn.swift; sourceTree = "<group>"; };
		375FF4F92161E0930088F7A3 /* FileReader.swift */ = {isa = PBXFileReference; fileEncoding = 4; lastKnownFileType = sourcecode.swift; path = FileReader.swift; sourceTree = "<group>"; };
		375FF5002161E0D60088F7A3 /* ArgumentParser.swift */ = {isa = PBXFileReference; fileEncoding = 4; lastKnownFileType = sourcecode.swift; path = ArgumentParser.swift; sourceTree = "<group>"; };
		375FF5012161E0D60088F7A3 /* Logger.swift */ = {isa = PBXFileReference; fileEncoding = 4; lastKnownFileType = sourcecode.swift; path = Logger.swift; sourceTree = "<group>"; };
		375FF5032161E0D60088F7A3 /* Atheris.swift */ = {isa = PBXFileReference; fileEncoding = 4; lastKnownFileType = sourcecode.swift; path = Atheris.swift; sourceTree = "<group>"; };
		376164F521553CB90058BD03 /* Atheris */ = {isa = PBXFileReference; explicitFileType = "compiled.mach-o.executable"; includeInIndex = 0; path = Atheris; sourceTree = BUILT_PRODUCTS_DIR; };
		376164F821553CB90058BD03 /* main.swift */ = {isa = PBXFileReference; lastKnownFileType = sourcecode.swift; path = main.swift; sourceTree = "<group>"; };
		3761650721553D2A0058BD03 /* LexicalAnalyzer.swift */ = {isa = PBXFileReference; fileEncoding = 4; lastKnownFileType = sourcecode.swift; name = LexicalAnalyzer.swift; path = Lexan/LexicalAnalyzer.swift; sourceTree = "<group>"; };
		3761650821553D2A0058BD03 /* Symbol.swift */ = {isa = PBXFileReference; fileEncoding = 4; lastKnownFileType = sourcecode.swift; name = Symbol.swift; path = Lexan/Symbol.swift; sourceTree = "<group>"; };
		3761650921553D2A0058BD03 /* TokenType.swift */ = {isa = PBXFileReference; fileEncoding = 4; lastKnownFileType = sourcecode.swift; name = TokenType.swift; path = Lexan/TokenType.swift; sourceTree = "<group>"; };
		378EB81D21B8F81B00E576E6 /* AstAnonymousFunctionCall.swift */ = {isa = PBXFileReference; lastKnownFileType = sourcecode.swift; path = AstAnonymousFunctionCall.swift; sourceTree = "<group>"; };
		378EB82021B8FA0700E576E6 /* ast9 */ = {isa = PBXFileReference; fileEncoding = 4; lastKnownFileType = text; path = ast9; sourceTree = "<group>"; };
		378EB82221B8FBA600E576E6 /* AstAnonymousFunctionBinding.swift */ = {isa = PBXFileReference; lastKnownFileType = sourcecode.swift; path = AstAnonymousFunctionBinding.swift; sourceTree = "<group>"; };
		378EB82521B95FCA00E576E6 /* code6.rkt */ = {isa = PBXFileReference; fileEncoding = 4; lastKnownFileType = text; path = code6.rkt; sourceTree = "<group>"; };
		378EB82A21BA531400E576E6 /* ast10 */ = {isa = PBXFileReference; fileEncoding = 4; lastKnownFileType = text; path = ast10; sourceTree = "<group>"; };
		3790FEC521B79D8E005CA8D5 /* AstLetExpression.swift */ = {isa = PBXFileReference; lastKnownFileType = sourcecode.swift; path = AstLetExpression.swift; sourceTree = "<group>"; };
		3790FEC921B7A95B005CA8D5 /* ast7 */ = {isa = PBXFileReference; fileEncoding = 4; lastKnownFileType = text; path = ast7; sourceTree = "<group>"; };
		3790FECB21B7BCFC005CA8D5 /* AstFunctionCallExpression.swift */ = {isa = PBXFileReference; lastKnownFileType = sourcecode.swift; path = AstFunctionCallExpression.swift; sourceTree = "<group>"; };
		3790FECE21B7C813005CA8D5 /* FunctionType.swift */ = {isa = PBXFileReference; lastKnownFileType = sourcecode.swift; path = FunctionType.swift; sourceTree = "<group>"; };
		3790FED121B7E44F005CA8D5 /* ast8 */ = {isa = PBXFileReference; fileEncoding = 4; lastKnownFileType = text; path = ast8; sourceTree = "<group>"; };
		3790FED321B7FEC2005CA8D5 /* code4.rkt */ = {isa = PBXFileReference; fileEncoding = 4; lastKnownFileType = text; path = code4.rkt; sourceTree = "<group>"; };
		3790FED521B810B4005CA8D5 /* code5.rkt */ = {isa = PBXFileReference; fileEncoding = 4; lastKnownFileType = text; path = code5.rkt; sourceTree = "<group>"; };
		37917CD521D2D43A009B6730 /* code13.rkt */ = {isa = PBXFileReference; fileEncoding = 4; lastKnownFileType = text; path = code13.rkt; sourceTree = "<group>"; };
		37917CD721D347F1009B6730 /* code14.rkt */ = {isa = PBXFileReference; fileEncoding = 4; lastKnownFileType = text; path = code14.rkt; sourceTree = "<group>"; };
		37917CD921D3516D009B6730 /* code15.rkt */ = {isa = PBXFileReference; fileEncoding = 4; lastKnownFileType = text; path = code15.rkt; sourceTree = "<group>"; };
		3793450F21C7E68A0015C5DF /* code11.rkt */ = {isa = PBXFileReference; fileEncoding = 4; lastKnownFileType = text; path = code11.rkt; sourceTree = "<group>"; };
		37B2F8D721C1449100C0B9E8 /* AstDatatypeBinding.swift */ = {isa = PBXFileReference; lastKnownFileType = sourcecode.swift; path = AstDatatypeBinding.swift; sourceTree = "<group>"; };
		37B2F8DA21C1526A00C0B9E8 /* DatatypeType.swift */ = {isa = PBXFileReference; lastKnownFileType = sourcecode.swift; path = DatatypeType.swift; sourceTree = "<group>"; };
		37B2F8DD21C1587000C0B9E8 /* code10.rkt */ = {isa = PBXFileReference; fileEncoding = 4; lastKnownFileType = text; path = code10.rkt; sourceTree = "<group>"; };
		37B2F8DF21C158AA00C0B9E8 /* ast15 */ = {isa = PBXFileReference; fileEncoding = 4; lastKnownFileType = text; path = ast15; sourceTree = "<group>"; };
		37C4125A21DCC0C90039A618 /* code16.rkt */ = {isa = PBXFileReference; fileEncoding = 4; lastKnownFileType = text; path = code16.rkt; sourceTree = "<group>"; };
		37C4125C21DCDFAE0039A618 /* ast19 */ = {isa = PBXFileReference; fileEncoding = 4; lastKnownFileType = text; path = ast19; sourceTree = "<group>"; };
		37C4125E21DE3D860039A618 /* sml1.sml */ = {isa = PBXFileReference; lastKnownFileType = text; path = sml1.sml; sourceTree = "<group>"; };
		37C4126021DE3D900039A618 /* sml2.sml */ = {isa = PBXFileReference; lastKnownFileType = text; path = sml2.sml; sourceTree = "<group>"; };
		37C4126221DE3DEA0039A618 /* code17.rkt */ = {isa = PBXFileReference; fileEncoding = 4; lastKnownFileType = text; path = code17.rkt; sourceTree = "<group>"; };
		37C4126421DE54F90039A618 /* AstEmptyListPattern.swift */ = {isa = PBXFileReference; lastKnownFileType = sourcecode.swift; path = AstEmptyListPattern.swift; sourceTree = "<group>"; };
		37C4126721DE57DA0039A618 /* AstListPattern.swift */ = {isa = PBXFileReference; lastKnownFileType = sourcecode.swift; path = AstListPattern.swift; sourceTree = "<group>"; };
		37C4126A21DF88BC0039A618 /* code18.rkt */ = {isa = PBXFileReference; fileEncoding = 4; lastKnownFileType = text; path = code18.rkt; sourceTree = "<group>"; };
		37D396AF21BA698800C11EB5 /* AstMatch.swift */ = {isa = PBXFileReference; lastKnownFileType = sourcecode.swift; path = AstMatch.swift; sourceTree = "<group>"; };
		37D396B221BA6E0B00C11EB5 /* code7.rkt */ = {isa = PBXFileReference; fileEncoding = 4; lastKnownFileType = text; path = code7.rkt; sourceTree = "<group>"; };
		37E0CE1C2168F73E00BAFD2A /* LexanTests.swift */ = {isa = PBXFileReference; lastKnownFileType = sourcecode.swift; path = LexanTests.swift; sourceTree = "<group>"; };
		37E0CE1F2168F93C00BAFD2A /* FileInputStream.swift */ = {isa = PBXFileReference; lastKnownFileType = sourcecode.swift; path = FileInputStream.swift; sourceTree = "<group>"; };
		37E0CE22216A2FCE00BAFD2A /* test.ar */ = {isa = PBXFileReference; lastKnownFileType = text; path = test.ar; sourceTree = "<group>"; };
		37E0CE26216A33B900BAFD2A /* FileWriter.swift */ = {isa = PBXFileReference; lastKnownFileType = sourcecode.swift; path = FileWriter.swift; sourceTree = "<group>"; };
		37E0CE28216A360E00BAFD2A /* InputStream.swift */ = {isa = PBXFileReference; lastKnownFileType = sourcecode.swift; path = InputStream.swift; sourceTree = "<group>"; };
		37E0CE2A216A362800BAFD2A /* OutputStream.swift */ = {isa = PBXFileReference; lastKnownFileType = sourcecode.swift; path = OutputStream.swift; sourceTree = "<group>"; };
		37E0CE2C216A380100BAFD2A /* FileOutputStream.swift */ = {isa = PBXFileReference; lastKnownFileType = sourcecode.swift; path = FileOutputStream.swift; sourceTree = "<group>"; };
		37E5FCB621E4DB280091317C /* code19.rkt */ = {isa = PBXFileReference; fileEncoding = 4; lastKnownFileType = text; path = code19.rkt; sourceTree = "<group>"; };
		37E9869B21C3CC7C00D68CA4 /* AstRule.swift */ = {isa = PBXFileReference; lastKnownFileType = sourcecode.swift; path = AstRule.swift; sourceTree = "<group>"; };
		37E9869E21C3CC9C00D68CA4 /* AstCaseExpression.swift */ = {isa = PBXFileReference; lastKnownFileType = sourcecode.swift; path = AstCaseExpression.swift; sourceTree = "<group>"; };
		37E986A121C3CF1400D68CA4 /* AstConstantPattern.swift */ = {isa = PBXFileReference; lastKnownFileType = sourcecode.swift; path = AstConstantPattern.swift; sourceTree = "<group>"; };
		37E986A421C3D62500D68CA4 /* RuleType.swift */ = {isa = PBXFileReference; lastKnownFileType = sourcecode.swift; path = RuleType.swift; sourceTree = "<group>"; };
		37E986A721C3DABE00D68CA4 /* ast16 */ = {isa = PBXFileReference; fileEncoding = 4; lastKnownFileType = text; path = ast16; sourceTree = "<group>"; };
		37F024A121B3C63A006B868E /* README.md */ = {isa = PBXFileReference; lastKnownFileType = net.daringfireball.markdown; path = README.md; sourceTree = "<group>"; };
		37F024A321B3F40B006B868E /* AstVisitor.swift */ = {isa = PBXFileReference; lastKnownFileType = sourcecode.swift; path = AstVisitor.swift; sourceTree = "<group>"; };
		37F024A621B3F483006B868E /* SyntaxParser.swift */ = {isa = PBXFileReference; lastKnownFileType = sourcecode.swift; path = SyntaxParser.swift; sourceTree = "<group>"; };
		37F024A821B3F4C2006B868E /* AstNode.swift */ = {isa = PBXFileReference; lastKnownFileType = sourcecode.swift; path = AstNode.swift; sourceTree = "<group>"; };
		37F024AC21B3F705006B868E /* AstValBinding.swift */ = {isa = PBXFileReference; lastKnownFileType = sourcecode.swift; path = AstValBinding.swift; sourceTree = "<group>"; };
		37F024AE21B3F7C9006B868E /* AstBinding.swift */ = {isa = PBXFileReference; lastKnownFileType = sourcecode.swift; path = AstBinding.swift; sourceTree = "<group>"; };
		37F024B121B3F816006B868E /* AstType.swift */ = {isa = PBXFileReference; lastKnownFileType = sourcecode.swift; path = AstType.swift; sourceTree = "<group>"; };
		37F024B321B3F8B1006B868E /* AstAtomType.swift */ = {isa = PBXFileReference; lastKnownFileType = sourcecode.swift; path = AstAtomType.swift; sourceTree = "<group>"; };
		37F024B621B3F9BE006B868E /* SyntaxParserTests.swift */ = {isa = PBXFileReference; lastKnownFileType = sourcecode.swift; path = SyntaxParserTests.swift; sourceTree = "<group>"; };
		37F024B921B3F9FD006B868E /* TextStream.swift */ = {isa = PBXFileReference; lastKnownFileType = sourcecode.swift; path = TextStream.swift; sourceTree = "<group>"; };
		37F024BB21B3FA2C006B868E /* SynAn.swift */ = {isa = PBXFileReference; lastKnownFileType = sourcecode.swift; path = SynAn.swift; sourceTree = "<group>"; };
		37F024BD21B3FAC0006B868E /* AstBindings.swift */ = {isa = PBXFileReference; lastKnownFileType = sourcecode.swift; path = AstBindings.swift; sourceTree = "<group>"; };
		37F024BF21B3FE16006B868E /* AstFunBinding.swift */ = {isa = PBXFileReference; lastKnownFileType = sourcecode.swift; path = AstFunBinding.swift; sourceTree = "<group>"; };
		37F024C121B40DA0006B868E /* AstExpression.swift */ = {isa = PBXFileReference; lastKnownFileType = sourcecode.swift; path = AstExpression.swift; sourceTree = "<group>"; };
		37F024C321B40DD0006B868E /* AstConstantExpression.swift */ = {isa = PBXFileReference; lastKnownFileType = sourcecode.swift; path = AstConstantExpression.swift; sourceTree = "<group>"; };
		37F024C521B41001006B868E /* AstPattern.swift */ = {isa = PBXFileReference; lastKnownFileType = sourcecode.swift; path = AstPattern.swift; sourceTree = "<group>"; };
		37F024C821B4110D006B868E /* AstIdentifierPattern.swift */ = {isa = PBXFileReference; lastKnownFileType = sourcecode.swift; path = AstIdentifierPattern.swift; sourceTree = "<group>"; };
		37F024CA21B412E3006B868E /* AstWildcardPattern.swift */ = {isa = PBXFileReference; lastKnownFileType = sourcecode.swift; path = AstWildcardPattern.swift; sourceTree = "<group>"; };
		37F024CC21B413B2006B868E /* AstTuplePattern.swift */ = {isa = PBXFileReference; lastKnownFileType = sourcecode.swift; path = AstTuplePattern.swift; sourceTree = "<group>"; };
		37F024CE21B41697006B868E /* AstRecordPattern.swift */ = {isa = PBXFileReference; lastKnownFileType = sourcecode.swift; path = AstRecordPattern.swift; sourceTree = "<group>"; };
		37F024D121B419B8006B868E /* DumpVisitor.swift */ = {isa = PBXFileReference; lastKnownFileType = sourcecode.swift; path = DumpVisitor.swift; sourceTree = "<group>"; };
		37F024D321B424EE006B868E /* AstTypeName.swift */ = {isa = PBXFileReference; lastKnownFileType = sourcecode.swift; path = AstTypeName.swift; sourceTree = "<group>"; };
		37F024D521B428E4006B868E /* AstTypedPattern.swift */ = {isa = PBXFileReference; lastKnownFileType = sourcecode.swift; path = AstTypedPattern.swift; sourceTree = "<group>"; };
		37FFBFAD21D5FDB000BFFF9A /* ast17 */ = {isa = PBXFileReference; fileEncoding = 4; lastKnownFileType = text; path = ast17; sourceTree = "<group>"; };
		37FFBFAF21D626F500BFFF9A /* ast18 */ = {isa = PBXFileReference; fileEncoding = 4; lastKnownFileType = text; path = ast18; sourceTree = "<group>"; };
/* End PBXFileReference section */

/* Begin PBXFrameworksBuildPhase section */
		3734A74A215A2D6600917960 /* Frameworks */ = {
			isa = PBXFrameworksBuildPhase;
			buildActionMask = 2147483647;
			files = (
			);
			runOnlyForDeploymentPostprocessing = 0;
		};
		376164F221553CB90058BD03 /* Frameworks */ = {
			isa = PBXFrameworksBuildPhase;
			buildActionMask = 2147483647;
			files = (
			);
			runOnlyForDeploymentPostprocessing = 0;
		};
/* End PBXFrameworksBuildPhase section */

/* Begin PBXGroup section */
		3734A74E215A2D6700917960 /* Atheris tests */ = {
			isa = PBXGroup;
			children = (
				37F024B821B3F9F2006B868E /* Utils */,
				375FF4F12160C0C80088F7A3 /* Lexan */,
				37F024B521B3F9AD006B868E /* Syntax */,
				3745061221B55F280051E1E9 /* Semantics */,
				3745063C21B6CED70051E1E9 /* Code generation */,
				3734A755215A2D8100917960 /* ArgumentParserTests.swift */,
				3734A751215A2D6700917960 /* Info.plist */,
			);
			path = "Atheris tests";
			sourceTree = "<group>";
		};
		374505DF21B5163E0051E1E9 /* Semantics */ = {
			isa = PBXGroup;
			children = (
				374505E021B5182C0051E1E9 /* Mappings */,
				374505F821B538AD0051E1E9 /* Type */,
				374505EC21B52ACA0051E1E9 /* NameChecker.swift */,
				374505F521B537E50051E1E9 /* TypeChecker.swift */,
			);
			path = Semantics;
			sourceTree = "<group>";
		};
		374505E021B5182C0051E1E9 /* Mappings */ = {
			isa = PBXGroup;
			children = (
				374505E121B5183D0051E1E9 /* SymbolTableProtocol.swift */,
				374505E321B518EA0051E1E9 /* SymbolTable.swift */,
				374505E721B5197E0051E1E9 /* SymbolDescriptionProtocol.swift */,
				374505EA21B51FCF0051E1E9 /* SymbolDescription.swift */,
			);
			path = Mappings;
			sourceTree = "<group>";
		};
		374505F821B538AD0051E1E9 /* Type */ = {
			isa = PBXGroup;
			children = (
				374505F921B538B80051E1E9 /* Type.swift */,
				374505FC21B53C870051E1E9 /* AtomType.swift */,
				3716C92B21BBC14800A24765 /* RecordType.swift */,
				374505FF21B53C950051E1E9 /* TupleType.swift */,
				3790FECE21B7C813005CA8D5 /* FunctionType.swift */,
				3745060221B53EA80051E1E9 /* AbstractType.swift */,
				3745060521B53EC10051E1E9 /* AbstractTupleType.swift */,
				3745060821B5449C0051E1E9 /* AbstractDummyType.swift */,
				3716C93F21BC0FFB00A24765 /* ListType.swift */,
				37B2F8DA21C1526A00C0B9E8 /* DatatypeType.swift */,
				37E986A421C3D62500D68CA4 /* RuleType.swift */,
			);
			path = Type;
			sourceTree = "<group>";
		};
		3745061221B55F280051E1E9 /* Semantics */ = {
			isa = PBXGroup;
			children = (
				3745061321B55F7D0051E1E9 /* TypeCheckerTests.swift */,
			);
			path = Semantics;
			sourceTree = "<group>";
		};
		3745063521B6C6510051E1E9 /* Code generation */ = {
			isa = PBXGroup;
			children = (
				3745063621B6C6600051E1E9 /* CodeGenerator.swift */,
				3745063921B6C6990051E1E9 /* RacketCodeGenerator.swift */,
			);
			path = "Code generation";
			sourceTree = "<group>";
		};
		3745063C21B6CED70051E1E9 /* Code generation */ = {
			isa = PBXGroup;
			children = (
				3745063F21B6CF020051E1E9 /* Code */,
				3745063D21B6CEE70051E1E9 /* CodeGenerationTests.swift */,
			);
			path = "Code generation";
			sourceTree = "<group>";
		};
		3745063F21B6CF020051E1E9 /* Code */ = {
			isa = PBXGroup;
			children = (
				3745064221B6D0470051E1E9 /* code1.rkt */,
				3745064421B6D9260051E1E9 /* code2.rkt */,
				3745064621B6DD4A0051E1E9 /* code3.rkt */,
				3790FED321B7FEC2005CA8D5 /* code4.rkt */,
				3790FED521B810B4005CA8D5 /* code5.rkt */,
				378EB82521B95FCA00E576E6 /* code6.rkt */,
				37D396B221BA6E0B00C11EB5 /* code7.rkt */,
				3716C93721BC043E00A24765 /* code8.rkt */,
				3716C94421BD768500A24765 /* code9.rkt */,
				37B2F8DD21C1587000C0B9E8 /* code10.rkt */,
				3793450F21C7E68A0015C5DF /* code11.rkt */,
				370F3B8A21CE4AE900C53C85 /* code12.rkt */,
				37917CD521D2D43A009B6730 /* code13.rkt */,
				37917CD721D347F1009B6730 /* code14.rkt */,
				37917CD921D3516D009B6730 /* code15.rkt */,
				37C4125A21DCC0C90039A618 /* code16.rkt */,
				37C4126221DE3DEA0039A618 /* code17.rkt */,
				37C4126A21DF88BC0039A618 /* code18.rkt */,
				37E5FCB621E4DB280091317C /* code19.rkt */,
				37C4125E21DE3D860039A618 /* sml1.sml */,
				37C4126021DE3D900039A618 /* sml2.sml */,
			);
			path = Code;
			sourceTree = "<group>";
		};
		3745064821B6DDAE0051E1E9 /* Executor */ = {
			isa = PBXGroup;
			children = (
				3745064921B6DDC00051E1E9 /* Executor.swift */,
			);
			path = Executor;
			sourceTree = "<group>";
		};
		375FF4F12160C0C80088F7A3 /* Lexan */ = {
			isa = PBXGroup;
			children = (
				37E0CE1C2168F73E00BAFD2A /* LexanTests.swift */,
				375FF4F22160C0DA0088F7A3 /* FileParserTests.swift */,
				375FF4F42160C0EF0088F7A3 /* file_parser_test_1 */,
				375FF4F62160C1040088F7A3 /* file_parser_test_2 */,
				37E0CE22216A2FCE00BAFD2A /* test.ar */,
			);
			path = Lexan;
			sourceTree = "<group>";
		};
		375FF4FF2161E0BA0088F7A3 /* Compiler */ = {
			isa = PBXGroup;
			children = (
				375FF5032161E0D60088F7A3 /* Atheris.swift */,
				375FF5002161E0D60088F7A3 /* ArgumentParser.swift */,
				375FF5012161E0D60088F7A3 /* Logger.swift */,
			);
			path = Compiler;
			sourceTree = "<group>";
		};
		376164EC21553CB90058BD03 = {
			isa = PBXGroup;
			children = (
				37F024A121B3C63A006B868E /* README.md */,
				376164F721553CB90058BD03 /* Atheris */,
				3734A74E215A2D6700917960 /* Atheris tests */,
				376164F621553CB90058BD03 /* Products */,
			);
			sourceTree = "<group>";
		};
		376164F621553CB90058BD03 /* Products */ = {
			isa = PBXGroup;
			children = (
				376164F521553CB90058BD03 /* Atheris */,
				3734A74D215A2D6600917960 /* Atheris tests.xctest */,
			);
			name = Products;
			sourceTree = "<group>";
		};
		376164F721553CB90058BD03 /* Atheris */ = {
			isa = PBXGroup;
			children = (
				37E0CE24216A31A900BAFD2A /* Tools */,
				375FF4FF2161E0BA0088F7A3 /* Compiler */,
				3761650621553D1E0058BD03 /* Lexan */,
				37F024A221B3F3E9006B868E /* Syntax */,
				374505DF21B5163E0051E1E9 /* Semantics */,
				3745063521B6C6510051E1E9 /* Code generation */,
				3745064821B6DDAE0051E1E9 /* Executor */,
				376164F821553CB90058BD03 /* main.swift */,
			);
			path = Atheris;
			sourceTree = "<group>";
		};
		3761650621553D1E0058BD03 /* Lexan */ = {
			isa = PBXGroup;
			children = (
				3761650721553D2A0058BD03 /* LexicalAnalyzer.swift */,
				375FF4F82161E0930088F7A3 /* LexAn.swift */,
				3761650821553D2A0058BD03 /* Symbol.swift */,
				3761650921553D2A0058BD03 /* TokenType.swift */,
			);
			name = Lexan;
			sourceTree = "<group>";
		};
		37E0CE24216A31A900BAFD2A /* Tools */ = {
			isa = PBXGroup;
			children = (
				37E0CE25216A31B200BAFD2A /* Files */,
			);
			path = Tools;
			sourceTree = "<group>";
		};
		37E0CE25216A31B200BAFD2A /* Files */ = {
			isa = PBXGroup;
			children = (
				375FF4F92161E0930088F7A3 /* FileReader.swift */,
				37E0CE26216A33B900BAFD2A /* FileWriter.swift */,
				37E0CE28216A360E00BAFD2A /* InputStream.swift */,
				37E0CE1F2168F93C00BAFD2A /* FileInputStream.swift */,
				37E0CE2A216A362800BAFD2A /* OutputStream.swift */,
				37E0CE2C216A380100BAFD2A /* FileOutputStream.swift */,
			);
			path = Files;
			sourceTree = "<group>";
		};
		37F024A221B3F3E9006B868E /* Syntax */ = {
			isa = PBXGroup;
			children = (
				37F024A521B3F420006B868E /* Tree */,
				37F024A621B3F483006B868E /* SyntaxParser.swift */,
				37F024BB21B3FA2C006B868E /* SynAn.swift */,
			);
			path = Syntax;
			sourceTree = "<group>";
		};
		37F024A521B3F420006B868E /* Tree */ = {
			isa = PBXGroup;
			children = (
				37F024D021B419A5006B868E /* Visitor */,
				37F024AA21B3F6E7006B868E /* Bindings */,
				37F024C721B41067006B868E /* Patterns */,
				37F024B021B3F809006B868E /* Type */,
				37F024AB21B3F6F7006B868E /* Expressions */,
				37F024A821B3F4C2006B868E /* AstNode.swift */,
			);
			path = Tree;
			sourceTree = "<group>";
		};
		37F024AA21B3F6E7006B868E /* Bindings */ = {
			isa = PBXGroup;
			children = (
				37F024AE21B3F7C9006B868E /* AstBinding.swift */,
				37F024BD21B3FAC0006B868E /* AstBindings.swift */,
				37F024AC21B3F705006B868E /* AstValBinding.swift */,
				37F024BF21B3FE16006B868E /* AstFunBinding.swift */,
				378EB82221B8FBA600E576E6 /* AstAnonymousFunctionBinding.swift */,
				37B2F8D721C1449100C0B9E8 /* AstDatatypeBinding.swift */,
			);
			path = Bindings;
			sourceTree = "<group>";
		};
		37F024AB21B3F6F7006B868E /* Expressions */ = {
			isa = PBXGroup;
			children = (
				37F024C121B40DA0006B868E /* AstExpression.swift */,
				37F024C321B40DD0006B868E /* AstConstantExpression.swift */,
				374505EE21B530C90051E1E9 /* AstNameExpression.swift */,
				3745060B21B545BD0051E1E9 /* AstTupleExpression.swift */,
				3745061A21B591630051E1E9 /* AstBinaryExpression.swift */,
				3745061D21B59F860051E1E9 /* AstUnaryExpression.swift */,
				3745063221B6BCAB0051E1E9 /* AstIfExpression.swift */,
				3790FEC521B79D8E005CA8D5 /* AstLetExpression.swift */,
				3790FECB21B7BCFC005CA8D5 /* AstFunctionCallExpression.swift */,
				378EB81D21B8F81B00E576E6 /* AstAnonymousFunctionCall.swift */,
				3716C92821BBBCA600A24765 /* AstRecordExpression.swift */,
				3716C92521BBBC0E00A24765 /* AstRecordRow.swift */,
				3716C93021BBCBC500A24765 /* AstRecordSelectorExpression.swift */,
				3716C93C21BC0D2100A24765 /* AstListExpression.swift */,
				37E9869E21C3CC9C00D68CA4 /* AstCaseExpression.swift */,
			);
			path = Expressions;
			sourceTree = "<group>";
		};
		37F024B021B3F809006B868E /* Type */ = {
			isa = PBXGroup;
			children = (
				37F024B121B3F816006B868E /* AstType.swift */,
				37F024B321B3F8B1006B868E /* AstAtomType.swift */,
				37F024D321B424EE006B868E /* AstTypeName.swift */,
				3745061521B562880051E1E9 /* AstTupleType.swift */,
			);
			path = Type;
			sourceTree = "<group>";
		};
		37F024B521B3F9AD006B868E /* Syntax */ = {
			isa = PBXGroup;
			children = (
				37F024D721B492C3006B868E /* Asts */,
				37F024B621B3F9BE006B868E /* SyntaxParserTests.swift */,
			);
			path = Syntax;
			sourceTree = "<group>";
		};
		37F024B821B3F9F2006B868E /* Utils */ = {
			isa = PBXGroup;
			children = (
				37F024B921B3F9FD006B868E /* TextStream.swift */,
				3745064021B6CF290051E1E9 /* TextOutputStream.swift */,
			);
			path = Utils;
			sourceTree = "<group>";
		};
		37F024C721B41067006B868E /* Patterns */ = {
			isa = PBXGroup;
			children = (
				37F024C521B41001006B868E /* AstPattern.swift */,
				37F024C821B4110D006B868E /* AstIdentifierPattern.swift */,
				37F024CA21B412E3006B868E /* AstWildcardPattern.swift */,
				37F024CC21B413B2006B868E /* AstTuplePattern.swift */,
				37F024CE21B41697006B868E /* AstRecordPattern.swift */,
				37F024D521B428E4006B868E /* AstTypedPattern.swift */,
				37E986A121C3CF1400D68CA4 /* AstConstantPattern.swift */,
				37D396AF21BA698800C11EB5 /* AstMatch.swift */,
				37E9869B21C3CC7C00D68CA4 /* AstRule.swift */,
				37C4126421DE54F90039A618 /* AstEmptyListPattern.swift */,
				37C4126721DE57DA0039A618 /* AstListPattern.swift */,
			);
			path = Patterns;
			sourceTree = "<group>";
		};
		37F024D021B419A5006B868E /* Visitor */ = {
			isa = PBXGroup;
			children = (
				37F024A321B3F40B006B868E /* AstVisitor.swift */,
				37F024D121B419B8006B868E /* DumpVisitor.swift */,
			);
			path = Visitor;
			sourceTree = "<group>";
		};
		37F024D721B492C3006B868E /* Asts */ = {
			isa = PBXGroup;
			children = (
				3745060E21B5566F0051E1E9 /* ast1 */,
				374505F321B536B50051E1E9 /* ast2 */,
				3745060F21B556700051E1E9 /* ast3 */,
				3745061821B58F140051E1E9 /* ast4 */,
				3745062021B5A4DB0051E1E9 /* ast5 */,
				3745063021B6BC020051E1E9 /* ast6 */,
				3790FEC921B7A95B005CA8D5 /* ast7 */,
				3790FED121B7E44F005CA8D5 /* ast8 */,
				378EB82021B8FA0700E576E6 /* ast9 */,
				378EB82A21BA531400E576E6 /* ast10 */,
				3716C92E21BBC4CB00A24765 /* ast11 */,
				3716C93321BBD07C00A24765 /* ast12 */,
				3716C93521BC041400A24765 /* ast13 */,
				3716C94221BC137E00A24765 /* ast14 */,
				37B2F8DF21C158AA00C0B9E8 /* ast15 */,
				37E986A721C3DABE00D68CA4 /* ast16 */,
				37FFBFAD21D5FDB000BFFF9A /* ast17 */,
				37FFBFAF21D626F500BFFF9A /* ast18 */,
				37C4125C21DCDFAE0039A618 /* ast19 */,
			);
			path = Asts;
			sourceTree = "<group>";
		};
/* End PBXGroup section */

/* Begin PBXNativeTarget section */
		3734A74C215A2D6600917960 /* Atheris tests */ = {
			isa = PBXNativeTarget;
			buildConfigurationList = 3734A752215A2D6700917960 /* Build configuration list for PBXNativeTarget "Atheris tests" */;
			buildPhases = (
				3734A749215A2D6600917960 /* Sources */,
				3734A74A215A2D6600917960 /* Frameworks */,
				3734A74B215A2D6600917960 /* Resources */,
			);
			buildRules = (
			);
			dependencies = (
			);
			name = "Atheris tests";
			productName = "Atheris tests";
			productReference = 3734A74D215A2D6600917960 /* Atheris tests.xctest */;
			productType = "com.apple.product-type.bundle.unit-test";
		};
		376164F421553CB90058BD03 /* Atheris */ = {
			isa = PBXNativeTarget;
			buildConfigurationList = 376164FC21553CB90058BD03 /* Build configuration list for PBXNativeTarget "Atheris" */;
			buildPhases = (
				376164F121553CB90058BD03 /* Sources */,
				376164F221553CB90058BD03 /* Frameworks */,
				376164F321553CB90058BD03 /* CopyFiles */,
			);
			buildRules = (
			);
			dependencies = (
			);
			name = Atheris;
			productName = Atheris;
			productReference = 376164F521553CB90058BD03 /* Atheris */;
			productType = "com.apple.product-type.tool";
		};
/* End PBXNativeTarget section */

/* Begin PBXProject section */
		376164ED21553CB90058BD03 /* Project object */ = {
			isa = PBXProject;
			attributes = {
				LastSwiftUpdateCheck = 1000;
				LastUpgradeCheck = 1000;
				ORGANIZATIONNAME = "Toni Kocjan";
				TargetAttributes = {
					3734A74C215A2D6600917960 = {
						CreatedOnToolsVersion = 10.0;
					};
					376164F421553CB90058BD03 = {
						CreatedOnToolsVersion = 10.0;
					};
				};
			};
			buildConfigurationList = 376164F021553CB90058BD03 /* Build configuration list for PBXProject "Atheris" */;
			compatibilityVersion = "Xcode 9.3";
			developmentRegion = en;
			hasScannedForEncodings = 0;
			knownRegions = (
				en,
			);
			mainGroup = 376164EC21553CB90058BD03;
			productRefGroup = 376164F621553CB90058BD03 /* Products */;
			projectDirPath = "";
			projectRoot = "";
			targets = (
				376164F421553CB90058BD03 /* Atheris */,
				3734A74C215A2D6600917960 /* Atheris tests */,
			);
		};
/* End PBXProject section */

/* Begin PBXResourcesBuildPhase section */
		3734A74B215A2D6600917960 /* Resources */ = {
			isa = PBXResourcesBuildPhase;
			buildActionMask = 2147483647;
			files = (
				37C4125F21DE3D860039A618 /* sml1.sml in Resources */,
				37FFBFAE21D5FDB000BFFF9A /* ast17 in Resources */,
				37B2F8DE21C1587000C0B9E8 /* code10.rkt in Resources */,
				37D396B321BA6E0C00C11EB5 /* code7.rkt in Resources */,
				3716C94321BC137E00A24765 /* ast14 in Resources */,
				37C4126B21DF88BC0039A618 /* code18.rkt in Resources */,
				3790FED221B7E44F005CA8D5 /* ast8 in Resources */,
				3745064521B6D9260051E1E9 /* code2.rkt in Resources */,
				3745061921B58F140051E1E9 /* ast4 in Resources */,
				3793451021C7E68A0015C5DF /* code11.rkt in Resources */,
				3716C92F21BBC4CB00A24765 /* ast11 in Resources */,
				374505F421B536B50051E1E9 /* ast2 in Resources */,
				3790FED421B7FEC2005CA8D5 /* code4.rkt in Resources */,
				37917CDA21D3516E009B6730 /* code15.rkt in Resources */,
				378EB82121B8FA0700E576E6 /* ast9 in Resources */,
				3745061021B556700051E1E9 /* ast1 in Resources */,
				3745062121B5A4DB0051E1E9 /* ast5 in Resources */,
				37C4125D21DCDFAE0039A618 /* ast19 in Resources */,
				37C4125B21DCC0CA0039A618 /* code16.rkt in Resources */,
				3745064321B6D0470051E1E9 /* code1.rkt in Resources */,
				370F3B8B21CE4AE900C53C85 /* code12.rkt in Resources */,
				3716C94521BD768500A24765 /* code9.rkt in Resources */,
				3716C93821BC043E00A24765 /* code8.rkt in Resources */,
				37E986A821C3DABE00D68CA4 /* ast16 in Resources */,
				378EB82621B95FCB00E576E6 /* code6.rkt in Resources */,
				3716C93421BBD07C00A24765 /* ast12 in Resources */,
				37C4126321DE3DEB0039A618 /* code17.rkt in Resources */,
				37917CD621D2D43A009B6730 /* code13.rkt in Resources */,
				3745061121B556700051E1E9 /* ast3 in Resources */,
				37FFBFB021D626F500BFFF9A /* ast18 in Resources */,
				375FF4F52160C0EF0088F7A3 /* file_parser_test_1 in Resources */,
				3790FECA21B7A95B005CA8D5 /* ast7 in Resources */,
				3745064721B6DD4A0051E1E9 /* code3.rkt in Resources */,
				3790FED621B810B4005CA8D5 /* code5.rkt in Resources */,
				3716C93621BC041400A24765 /* ast13 in Resources */,
				37B2F8E021C158AA00C0B9E8 /* ast15 in Resources */,
				378EB82B21BA531400E576E6 /* ast10 in Resources */,
				3745063121B6BC030051E1E9 /* ast6 in Resources */,
				37C4126121DE3D900039A618 /* sml2.sml in Resources */,
				37917CD821D347F1009B6730 /* code14.rkt in Resources */,
				37E5FCB721E4DB280091317C /* code19.rkt in Resources */,
			);
			runOnlyForDeploymentPostprocessing = 0;
		};
/* End PBXResourcesBuildPhase section */

/* Begin PBXSourcesBuildPhase section */
		3734A749215A2D6600917960 /* Sources */ = {
			isa = PBXSourcesBuildPhase;
			buildActionMask = 2147483647;
			files = (
				3745063E21B6CEE70051E1E9 /* CodeGenerationTests.swift in Sources */,
				374505C821B50FFE0051E1E9 /* AstVisitor.swift in Sources */,
				374505F721B537FE0051E1E9 /* TypeChecker.swift in Sources */,
				378EB81F21B8F81B00E576E6 /* AstAnonymousFunctionCall.swift in Sources */,
				374505C921B50FFE0051E1E9 /* DumpVisitor.swift in Sources */,
				37B2F8DC21C1526A00C0B9E8 /* DatatypeType.swift in Sources */,
				374505CA21B50FFE0051E1E9 /* AstPattern.swift in Sources */,
				374505CB21B50FFE0051E1E9 /* AstIdentifierPattern.swift in Sources */,
				37E9869D21C3CC7C00D68CA4 /* AstRule.swift in Sources */,
				3745061721B562880051E1E9 /* AstTupleType.swift in Sources */,
				374505CC21B50FFE0051E1E9 /* AstWildcardPattern.swift in Sources */,
				374505CD21B50FFE0051E1E9 /* AstTuplePattern.swift in Sources */,
				374505CE21B50FFE0051E1E9 /* AstRecordPattern.swift in Sources */,
				374505CF21B50FFE0051E1E9 /* AstTypedPattern.swift in Sources */,
				374505D021B50FFE0051E1E9 /* AstType.swift in Sources */,
				374505FE21B53C8A0051E1E9 /* AtomType.swift in Sources */,
				3790FED021B7C813005CA8D5 /* FunctionType.swift in Sources */,
				3745061421B55F7D0051E1E9 /* TypeCheckerTests.swift in Sources */,
				374505D121B50FFE0051E1E9 /* AstAtomType.swift in Sources */,
				3745060721B53EC30051E1E9 /* AbstractTupleType.swift in Sources */,
				374505D221B50FFE0051E1E9 /* AstTypeName.swift in Sources */,
				374505E621B518FC0051E1E9 /* SymbolTableProtocol.swift in Sources */,
				3716C94121BC0FFB00A24765 /* ListType.swift in Sources */,
				3745063821B6C6600051E1E9 /* CodeGenerator.swift in Sources */,
				3745064121B6CF290051E1E9 /* TextOutputStream.swift in Sources */,
				3716C93E21BC0D2100A24765 /* AstListExpression.swift in Sources */,
				374505D321B50FFE0051E1E9 /* AstBindings.swift in Sources */,
				374505D421B50FFE0051E1E9 /* AstBinding.swift in Sources */,
				3745060A21B5449C0051E1E9 /* AbstractDummyType.swift in Sources */,
				374505D521B50FFE0051E1E9 /* AstValBinding.swift in Sources */,
				374505D621B50FFE0051E1E9 /* AstFunBinding.swift in Sources */,
				374505D721B50FFE0051E1E9 /* AstExpression.swift in Sources */,
				37B2F8D921C1449100C0B9E8 /* AstDatatypeBinding.swift in Sources */,
				374505D821B50FFE0051E1E9 /* AstConstantExpression.swift in Sources */,
				374505DC21B510020051E1E9 /* main.swift in Sources */,
				374505D921B50FFE0051E1E9 /* AstNode.swift in Sources */,
				374505DA21B50FFE0051E1E9 /* SyntaxParser.swift in Sources */,
				37C4126621DE54F90039A618 /* AstEmptyListPattern.swift in Sources */,
				37C4126921DE57DA0039A618 /* AstListPattern.swift in Sources */,
				374505DB21B50FFE0051E1E9 /* SynAn.swift in Sources */,
				3745060121B53C980051E1E9 /* TupleType.swift in Sources */,
				3790FECD21B7BCFC005CA8D5 /* AstFunctionCallExpression.swift in Sources */,
				3745061F21B59F860051E1E9 /* AstUnaryExpression.swift in Sources */,
				375FF4FB2161E0930088F7A3 /* LexAn.swift in Sources */,
				3790FEC821B79FC9005CA8D5 /* Executor.swift in Sources */,
				37F024B721B3F9BE006B868E /* SyntaxParserTests.swift in Sources */,
				37E0CE23216A2FCE00BAFD2A /* test.ar in Sources */,
				37E0CE1D2168F73E00BAFD2A /* LexanTests.swift in Sources */,
				3790FEC721B79D8E005CA8D5 /* AstLetExpression.swift in Sources */,
				3745061C21B591630051E1E9 /* AstBinaryExpression.swift in Sources */,
				37E0CE30216A466700BAFD2A /* InputStream.swift in Sources */,
				375FF4F32160C0DA0088F7A3 /* FileParserTests.swift in Sources */,
				375FF5052161E0D60088F7A3 /* ArgumentParser.swift in Sources */,
				3734A75B215A2F3500917960 /* TokenType.swift in Sources */,
				3734A756215A2D8100917960 /* ArgumentParserTests.swift in Sources */,
				374505E521B518FA0051E1E9 /* SymbolTable.swift in Sources */,
				3716C93221BBCBC500A24765 /* AstRecordSelectorExpression.swift in Sources */,
				3745063B21B6C6990051E1E9 /* RacketCodeGenerator.swift in Sources */,
				37E0CE2E216A466100BAFD2A /* OutputStream.swift in Sources */,
				3716C92A21BBBCA600A24765 /* AstRecordExpression.swift in Sources */,
				3745060D21B545BD0051E1E9 /* AstTupleExpression.swift in Sources */,
				37E0CE31216A46C000BAFD2A /* FileWriter.swift in Sources */,
				374505E921B51A4B0051E1E9 /* SymbolDescriptionProtocol.swift in Sources */,
				375FF50B2161E0D60088F7A3 /* Atheris.swift in Sources */,
				375FF5072161E0D60088F7A3 /* Logger.swift in Sources */,
				378EB82421B8FBA600E576E6 /* AstAnonymousFunctionBinding.swift in Sources */,
				375FF4FD2161E0930088F7A3 /* FileReader.swift in Sources */,
				37D396B121BA698800C11EB5 /* AstMatch.swift in Sources */,
				3716C92D21BBC14800A24765 /* RecordType.swift in Sources */,
				37E0CE212168FAB800BAFD2A /* FileInputStream.swift in Sources */,
				37E0CE2F216A466400BAFD2A /* FileOutputStream.swift in Sources */,
				37E986A621C3D62500D68CA4 /* RuleType.swift in Sources */,
				3745060421B53EAA0051E1E9 /* AbstractType.swift in Sources */,
				374505F221B534720051E1E9 /* NameChecker.swift in Sources */,
				374505F021B531130051E1E9 /* AstNameExpression.swift in Sources */,
				3734A759215A2F3100917960 /* LexicalAnalyzer.swift in Sources */,
				374505F121B5341F0051E1E9 /* SymbolDescription.swift in Sources */,
				37E986A021C3CC9C00D68CA4 /* AstCaseExpression.swift in Sources */,
				37F024BA21B3F9FD006B868E /* TextStream.swift in Sources */,
				374505FB21B538E00051E1E9 /* Type.swift in Sources */,
				3716C92721BBBC0E00A24765 /* AstRecordRow.swift in Sources */,
				3734A75A215A2F3300917960 /* Symbol.swift in Sources */,
				375FF4F72160C1040088F7A3 /* file_parser_test_2 in Sources */,
				3745063421B6BCAB0051E1E9 /* AstIfExpression.swift in Sources */,
				37E986A321C3CF1400D68CA4 /* AstConstantPattern.swift in Sources */,
			);
			runOnlyForDeploymentPostprocessing = 0;
		};
		376164F121553CB90058BD03 /* Sources */ = {
			isa = PBXSourcesBuildPhase;
			buildActionMask = 2147483647;
			files = (
				3716C93D21BC0D2100A24765 /* AstListExpression.swift in Sources */,
				37B2F8DB21C1526A00C0B9E8 /* DatatypeType.swift in Sources */,
				374505FD21B53C870051E1E9 /* AtomType.swift in Sources */,
				3745064A21B6DDC00051E1E9 /* Executor.swift in Sources */,
				374505E221B5183D0051E1E9 /* SymbolTableProtocol.swift in Sources */,
				37F024CF21B41697006B868E /* AstRecordPattern.swift in Sources */,
				3745060921B5449C0051E1E9 /* AbstractDummyType.swift in Sources */,
				37F024AD21B3F705006B868E /* AstValBinding.swift in Sources */,
				37C4126821DE57DA0039A618 /* AstListPattern.swift in Sources */,
				3716C92C21BBC14800A24765 /* RecordType.swift in Sources */,
				378EB82321B8FBA600E576E6 /* AstAnonymousFunctionBinding.swift in Sources */,
				37F024AF21B3F7C9006B868E /* AstBinding.swift in Sources */,
				3790FECF21B7C813005CA8D5 /* FunctionType.swift in Sources */,
				37F024A421B3F40B006B868E /* AstVisitor.swift in Sources */,
				37C4126521DE54F90039A618 /* AstEmptyListPattern.swift in Sources */,
				3716C92921BBBCA600A24765 /* AstRecordExpression.swift in Sources */,
				3745060621B53EC10051E1E9 /* AbstractTupleType.swift in Sources */,
				37F024A721B3F483006B868E /* SyntaxParser.swift in Sources */,
				37F024CD21B413B2006B868E /* AstTuplePattern.swift in Sources */,
				37F024C421B40DD0006B868E /* AstConstantExpression.swift in Sources */,
				37E0CE2B216A362800BAFD2A /* OutputStream.swift in Sources */,
				37E986A221C3CF1400D68CA4 /* AstConstantPattern.swift in Sources */,
				37F024B421B3F8B1006B868E /* AstAtomType.swift in Sources */,
				3745061B21B591630051E1E9 /* AstBinaryExpression.swift in Sources */,
				37E0CE27216A33B900BAFD2A /* FileWriter.swift in Sources */,
				3790FECC21B7BCFC005CA8D5 /* AstFunctionCallExpression.swift in Sources */,
				374505FA21B538B80051E1E9 /* Type.swift in Sources */,
				37E0CE2D216A380100BAFD2A /* FileOutputStream.swift in Sources */,
				37F024C921B4110D006B868E /* AstIdentifierPattern.swift in Sources */,
				3745063A21B6C6990051E1E9 /* RacketCodeGenerator.swift in Sources */,
				374505F621B537E50051E1E9 /* TypeChecker.swift in Sources */,
				37E9869C21C3CC7C00D68CA4 /* AstRule.swift in Sources */,
				37F024C621B41001006B868E /* AstPattern.swift in Sources */,
				37E9869F21C3CC9C00D68CA4 /* AstCaseExpression.swift in Sources */,
				3790FEC621B79D8E005CA8D5 /* AstLetExpression.swift in Sources */,
				3745063721B6C6600051E1E9 /* CodeGenerator.swift in Sources */,
				37E0CE202168F93C00BAFD2A /* FileInputStream.swift in Sources */,
				375FF4FC2161E0930088F7A3 /* FileReader.swift in Sources */,
				37F024C021B3FE16006B868E /* AstFunBinding.swift in Sources */,
				375FF4FA2161E0930088F7A3 /* LexAn.swift in Sources */,
				37B2F8D821C1449100C0B9E8 /* AstDatatypeBinding.swift in Sources */,
				375FF5042161E0D60088F7A3 /* ArgumentParser.swift in Sources */,
				37F024D221B419B8006B868E /* DumpVisitor.swift in Sources */,
				3761650A21553D2A0058BD03 /* LexicalAnalyzer.swift in Sources */,
				37D396B021BA698800C11EB5 /* AstMatch.swift in Sources */,
				3761650C21553D2A0058BD03 /* TokenType.swift in Sources */,
				375FF50A2161E0D60088F7A3 /* Atheris.swift in Sources */,
				3716C93121BBCBC500A24765 /* AstRecordSelectorExpression.swift in Sources */,
				3716C94021BC0FFB00A24765 /* ListType.swift in Sources */,
				3745061621B562880051E1E9 /* AstTupleType.swift in Sources */,
				37F024BE21B3FAC0006B868E /* AstBindings.swift in Sources */,
				37F024A921B3F4C2006B868E /* AstNode.swift in Sources */,
				376164F921553CB90058BD03 /* main.swift in Sources */,
				3761650B21553D2A0058BD03 /* Symbol.swift in Sources */,
				37E0CE29216A360E00BAFD2A /* InputStream.swift in Sources */,
				3745060321B53EA80051E1E9 /* AbstractType.swift in Sources */,
				37F024B221B3F816006B868E /* AstType.swift in Sources */,
				37F024D621B428E4006B868E /* AstTypedPattern.swift in Sources */,
				374505E421B518EA0051E1E9 /* SymbolTable.swift in Sources */,
				378EB81E21B8F81B00E576E6 /* AstAnonymousFunctionCall.swift in Sources */,
				3745063321B6BCAB0051E1E9 /* AstIfExpression.swift in Sources */,
				375FF5062161E0D60088F7A3 /* Logger.swift in Sources */,
				374505E821B5197E0051E1E9 /* SymbolDescriptionProtocol.swift in Sources */,
				37F024BC21B3FA2C006B868E /* SynAn.swift in Sources */,
				37F024C221B40DA0006B868E /* AstExpression.swift in Sources */,
				374505EF21B530C90051E1E9 /* AstNameExpression.swift in Sources */,
				3716C92621BBBC0E00A24765 /* AstRecordRow.swift in Sources */,
				374505ED21B52ACA0051E1E9 /* NameChecker.swift in Sources */,
				3745060C21B545BD0051E1E9 /* AstTupleExpression.swift in Sources */,
				3745061E21B59F860051E1E9 /* AstUnaryExpression.swift in Sources */,
				37F024D421B424EE006B868E /* AstTypeName.swift in Sources */,
				37E986A521C3D62500D68CA4 /* RuleType.swift in Sources */,
				374505EB21B51FCF0051E1E9 /* SymbolDescription.swift in Sources */,
				3745060021B53C950051E1E9 /* TupleType.swift in Sources */,
				37F024CB21B412E3006B868E /* AstWildcardPattern.swift in Sources */,
			);
			runOnlyForDeploymentPostprocessing = 0;
		};
/* End PBXSourcesBuildPhase section */

/* Begin XCBuildConfiguration section */
		3734A753215A2D6700917960 /* Debug */ = {
			isa = XCBuildConfiguration;
			buildSettings = {
				CODE_SIGN_STYLE = Automatic;
				COMBINE_HIDPI_IMAGES = YES;
				DEVELOPMENT_TEAM = T634YNT6FE;
				INFOPLIST_FILE = "Atheris tests/Info.plist";
				LD_RUNPATH_SEARCH_PATHS = (
					"$(inherited)",
					"@executable_path/../Frameworks",
					"@loader_path/../Frameworks",
				);
				PRODUCT_BUNDLE_IDENTIFIER = "tss.Atheris-tests";
				PRODUCT_NAME = "$(TARGET_NAME)";
				SWIFT_VERSION = 4.2;
			};
			name = Debug;
		};
		3734A754215A2D6700917960 /* Release */ = {
			isa = XCBuildConfiguration;
			buildSettings = {
				CODE_SIGN_STYLE = Automatic;
				COMBINE_HIDPI_IMAGES = YES;
				DEVELOPMENT_TEAM = T634YNT6FE;
				INFOPLIST_FILE = "Atheris tests/Info.plist";
				LD_RUNPATH_SEARCH_PATHS = (
					"$(inherited)",
					"@executable_path/../Frameworks",
					"@loader_path/../Frameworks",
				);
				PRODUCT_BUNDLE_IDENTIFIER = "tss.Atheris-tests";
				PRODUCT_NAME = "$(TARGET_NAME)";
				SWIFT_VERSION = 4.2;
			};
			name = Release;
		};
		376164FA21553CB90058BD03 /* Debug */ = {
			isa = XCBuildConfiguration;
			buildSettings = {
				ALWAYS_SEARCH_USER_PATHS = NO;
				CLANG_ANALYZER_NONNULL = YES;
				CLANG_ANALYZER_NUMBER_OBJECT_CONVERSION = YES_AGGRESSIVE;
				CLANG_CXX_LANGUAGE_STANDARD = "gnu++14";
				CLANG_CXX_LIBRARY = "libc++";
				CLANG_ENABLE_MODULES = YES;
				CLANG_ENABLE_OBJC_ARC = YES;
				CLANG_ENABLE_OBJC_WEAK = YES;
				CLANG_WARN_BLOCK_CAPTURE_AUTORELEASING = YES;
				CLANG_WARN_BOOL_CONVERSION = YES;
				CLANG_WARN_COMMA = YES;
				CLANG_WARN_CONSTANT_CONVERSION = YES;
				CLANG_WARN_DEPRECATED_OBJC_IMPLEMENTATIONS = YES;
				CLANG_WARN_DIRECT_OBJC_ISA_USAGE = YES_ERROR;
				CLANG_WARN_DOCUMENTATION_COMMENTS = YES;
				CLANG_WARN_EMPTY_BODY = YES;
				CLANG_WARN_ENUM_CONVERSION = YES;
				CLANG_WARN_INFINITE_RECURSION = YES;
				CLANG_WARN_INT_CONVERSION = YES;
				CLANG_WARN_NON_LITERAL_NULL_CONVERSION = YES;
				CLANG_WARN_OBJC_IMPLICIT_RETAIN_SELF = YES;
				CLANG_WARN_OBJC_LITERAL_CONVERSION = YES;
				CLANG_WARN_OBJC_ROOT_CLASS = YES_ERROR;
				CLANG_WARN_RANGE_LOOP_ANALYSIS = YES;
				CLANG_WARN_STRICT_PROTOTYPES = YES;
				CLANG_WARN_SUSPICIOUS_MOVE = YES;
				CLANG_WARN_UNGUARDED_AVAILABILITY = YES_AGGRESSIVE;
				CLANG_WARN_UNREACHABLE_CODE = YES;
				CLANG_WARN__DUPLICATE_METHOD_MATCH = YES;
				CODE_SIGN_IDENTITY = "Mac Developer";
				COPY_PHASE_STRIP = NO;
				DEBUG_INFORMATION_FORMAT = dwarf;
				ENABLE_STRICT_OBJC_MSGSEND = YES;
				ENABLE_TESTABILITY = YES;
				GCC_C_LANGUAGE_STANDARD = gnu11;
				GCC_DYNAMIC_NO_PIC = NO;
				GCC_NO_COMMON_BLOCKS = YES;
				GCC_OPTIMIZATION_LEVEL = 0;
				GCC_PREPROCESSOR_DEFINITIONS = (
					"DEBUG=1",
					"$(inherited)",
				);
				GCC_WARN_64_TO_32_BIT_CONVERSION = YES;
				GCC_WARN_ABOUT_RETURN_TYPE = YES_ERROR;
				GCC_WARN_UNDECLARED_SELECTOR = YES;
				GCC_WARN_UNINITIALIZED_AUTOS = YES_AGGRESSIVE;
				GCC_WARN_UNUSED_FUNCTION = YES;
				GCC_WARN_UNUSED_VARIABLE = YES;
				MACOSX_DEPLOYMENT_TARGET = 10.13;
				MTL_ENABLE_DEBUG_INFO = INCLUDE_SOURCE;
				MTL_FAST_MATH = YES;
				ONLY_ACTIVE_ARCH = YES;
				SDKROOT = macosx;
				SWIFT_ACTIVE_COMPILATION_CONDITIONS = DEBUG;
				SWIFT_OPTIMIZATION_LEVEL = "-Onone";
			};
			name = Debug;
		};
		376164FB21553CB90058BD03 /* Release */ = {
			isa = XCBuildConfiguration;
			buildSettings = {
				ALWAYS_SEARCH_USER_PATHS = NO;
				CLANG_ANALYZER_NONNULL = YES;
				CLANG_ANALYZER_NUMBER_OBJECT_CONVERSION = YES_AGGRESSIVE;
				CLANG_CXX_LANGUAGE_STANDARD = "gnu++14";
				CLANG_CXX_LIBRARY = "libc++";
				CLANG_ENABLE_MODULES = YES;
				CLANG_ENABLE_OBJC_ARC = YES;
				CLANG_ENABLE_OBJC_WEAK = YES;
				CLANG_WARN_BLOCK_CAPTURE_AUTORELEASING = YES;
				CLANG_WARN_BOOL_CONVERSION = YES;
				CLANG_WARN_COMMA = YES;
				CLANG_WARN_CONSTANT_CONVERSION = YES;
				CLANG_WARN_DEPRECATED_OBJC_IMPLEMENTATIONS = YES;
				CLANG_WARN_DIRECT_OBJC_ISA_USAGE = YES_ERROR;
				CLANG_WARN_DOCUMENTATION_COMMENTS = YES;
				CLANG_WARN_EMPTY_BODY = YES;
				CLANG_WARN_ENUM_CONVERSION = YES;
				CLANG_WARN_INFINITE_RECURSION = YES;
				CLANG_WARN_INT_CONVERSION = YES;
				CLANG_WARN_NON_LITERAL_NULL_CONVERSION = YES;
				CLANG_WARN_OBJC_IMPLICIT_RETAIN_SELF = YES;
				CLANG_WARN_OBJC_LITERAL_CONVERSION = YES;
				CLANG_WARN_OBJC_ROOT_CLASS = YES_ERROR;
				CLANG_WARN_RANGE_LOOP_ANALYSIS = YES;
				CLANG_WARN_STRICT_PROTOTYPES = YES;
				CLANG_WARN_SUSPICIOUS_MOVE = YES;
				CLANG_WARN_UNGUARDED_AVAILABILITY = YES_AGGRESSIVE;
				CLANG_WARN_UNREACHABLE_CODE = YES;
				CLANG_WARN__DUPLICATE_METHOD_MATCH = YES;
				CODE_SIGN_IDENTITY = "Mac Developer";
				COPY_PHASE_STRIP = NO;
				DEBUG_INFORMATION_FORMAT = "dwarf-with-dsym";
				ENABLE_NS_ASSERTIONS = NO;
				ENABLE_STRICT_OBJC_MSGSEND = YES;
				GCC_C_LANGUAGE_STANDARD = gnu11;
				GCC_NO_COMMON_BLOCKS = YES;
				GCC_WARN_64_TO_32_BIT_CONVERSION = YES;
				GCC_WARN_ABOUT_RETURN_TYPE = YES_ERROR;
				GCC_WARN_UNDECLARED_SELECTOR = YES;
				GCC_WARN_UNINITIALIZED_AUTOS = YES_AGGRESSIVE;
				GCC_WARN_UNUSED_FUNCTION = YES;
				GCC_WARN_UNUSED_VARIABLE = YES;
				MACOSX_DEPLOYMENT_TARGET = 10.13;
				MTL_ENABLE_DEBUG_INFO = NO;
				MTL_FAST_MATH = YES;
				SDKROOT = macosx;
				SWIFT_COMPILATION_MODE = wholemodule;
				SWIFT_OPTIMIZATION_LEVEL = "-O";
			};
			name = Release;
		};
		376164FD21553CB90058BD03 /* Debug */ = {
			isa = XCBuildConfiguration;
			buildSettings = {
				CODE_SIGN_STYLE = Automatic;
				DEVELOPMENT_TEAM = T634YNT6FE;
				PRODUCT_NAME = "$(TARGET_NAME)";
				SWIFT_VERSION = 4.2;
			};
			name = Debug;
		};
		376164FE21553CB90058BD03 /* Release */ = {
			isa = XCBuildConfiguration;
			buildSettings = {
				CODE_SIGN_STYLE = Automatic;
				DEVELOPMENT_TEAM = T634YNT6FE;
				PRODUCT_NAME = "$(TARGET_NAME)";
				SWIFT_VERSION = 4.2;
			};
			name = Release;
		};
/* End XCBuildConfiguration section */

/* Begin XCConfigurationList section */
		3734A752215A2D6700917960 /* Build configuration list for PBXNativeTarget "Atheris tests" */ = {
			isa = XCConfigurationList;
			buildConfigurations = (
				3734A753215A2D6700917960 /* Debug */,
				3734A754215A2D6700917960 /* Release */,
			);
			defaultConfigurationIsVisible = 0;
			defaultConfigurationName = Release;
		};
		376164F021553CB90058BD03 /* Build configuration list for PBXProject "Atheris" */ = {
			isa = XCConfigurationList;
			buildConfigurations = (
				376164FA21553CB90058BD03 /* Debug */,
				376164FB21553CB90058BD03 /* Release */,
			);
			defaultConfigurationIsVisible = 0;
			defaultConfigurationName = Release;
		};
		376164FC21553CB90058BD03 /* Build configuration list for PBXNativeTarget "Atheris" */ = {
			isa = XCConfigurationList;
			buildConfigurations = (
				376164FD21553CB90058BD03 /* Debug */,
				376164FE21553CB90058BD03 /* Release */,
			);
			defaultConfigurationIsVisible = 0;
			defaultConfigurationName = Release;
		};
/* End XCConfigurationList section */
	};
	rootObject = 376164ED21553CB90058BD03 /* Project object */;
}
